// !$*UTF8*$!
{
	archiveVersion = 1;
	classes = {
	};
	objectVersion = 42;
	objects = {

/* Begin PBXBuildFile section */
		7F35FF4007F9ACD90056051D /* QSCore.framework in Frameworks */ = {isa = PBXBuildFile; fileRef = 7F35FF3C07F9ACD90056051D /* QSCore.framework */; };
		7F35FF4207F9ACD90056051D /* QSFoundation.framework in Frameworks */ = {isa = PBXBuildFile; fileRef = 7F35FF3E07F9ACD90056051D /* QSFoundation.framework */; };
		7F7F26B90821B363002EC78F /* QSFakeMenuWindow.m in Sources */ = {isa = PBXBuildFile; fileRef = 7F7F26B30821B363002EC78F /* QSFakeMenuWindow.m */; };
		7F7F26BA0821B363002EC78F /* QSMenuInterfaceController.m in Sources */ = {isa = PBXBuildFile; fileRef = 7F7F26B60821B363002EC78F /* QSMenuInterfaceController.m */; };
		7F7F26BB0821B363002EC78F /* QSMenuWindow.m in Sources */ = {isa = PBXBuildFile; fileRef = 7F7F26B80821B363002EC78F /* QSMenuWindow.m */; };
		7F7F26BE0821B36D002EC78F /* Localizable.strings in Resources */ = {isa = PBXBuildFile; fileRef = 7F7F26BC0821B36D002EC78F /* Localizable.strings */; };
		7F7F26C00821B372002EC78F /* MenuInterface.nib in Resources */ = {isa = PBXBuildFile; fileRef = 7F7F26BF0821B372002EC78F /* MenuInterface.nib */; };
		7F7F27E10821B5CA002EC78F /* QSEffects.framework in Frameworks */ = {isa = PBXBuildFile; fileRef = 7FFA8E9C0816CCCA00A858CD /* QSEffects.framework */; };
		7F7F27E20821B5CB002EC78F /* QSInterface.framework in Frameworks */ = {isa = PBXBuildFile; fileRef = 7FFA8E9D0816CCCA00A858CD /* QSInterface.framework */; };
		8D1AC9700486D14A00FE50C9 /* Cocoa.framework in Frameworks */ = {isa = PBXBuildFile; fileRef = DD92D38A0106425D02CA0E72 /* Cocoa.framework */; };
/* End PBXBuildFile section */

/* Begin PBXFileReference section */
		32DBCF980370C29C00C91783 /* QSMenuInterface_Prefix.pch */ = {isa = PBXFileReference; fileEncoding = 4; lastKnownFileType = sourcecode.c.h; path = QSMenuInterface_Prefix.pch; sourceTree = "<group>"; };
		7F35FF3C07F9ACD90056051D /* QSCore.framework */ = {isa = PBXFileReference; lastKnownFileType = wrapper.framework; path = QSCore.framework; sourceTree = QSFrameworks; };
		7F35FF3D07F9ACD90056051D /* QSEffects.framework */ = {isa = PBXFileReference; lastKnownFileType = wrapper.framework; path = QSEffects.framework; sourceTree = QSFrameworks; };
		7F35FF3E07F9ACD90056051D /* QSFoundation.framework */ = {isa = PBXFileReference; lastKnownFileType = wrapper.framework; path = QSFoundation.framework; sourceTree = QSFrameworks; };
		7F35FF3F07F9ACD90056051D /* QSInterface.framework */ = {isa = PBXFileReference; lastKnownFileType = wrapper.framework; path = QSInterface.framework; sourceTree = QSFrameworks; };
		7F699975096EDE9600420E96 /* QSPreferenceKeys.h */ = {isa = PBXFileReference; fileEncoding = 30; lastKnownFileType = sourcecode.c.h; name = QSPreferenceKeys.h; path = "/Volumes/Lux/Projects-Development/Quicksilver/Application/trunk/Prefix/QSPreferenceKeys.h"; sourceTree = "<absolute>"; };
		7F7F26B20821B363002EC78F /* QSFakeMenuWindow.h */ = {isa = PBXFileReference; fileEncoding = 30; lastKnownFileType = sourcecode.c.h; path = QSFakeMenuWindow.h; sourceTree = "<group>"; };
		7F7F26B30821B363002EC78F /* QSFakeMenuWindow.m */ = {isa = PBXFileReference; fileEncoding = 30; lastKnownFileType = sourcecode.c.objc; path = QSFakeMenuWindow.m; sourceTree = "<group>"; };
		7F7F26B40821B363002EC78F /* QSMenuInterface_Prefix.pch */ = {isa = PBXFileReference; fileEncoding = 30; lastKnownFileType = sourcecode.c.h; path = QSMenuInterface_Prefix.pch; sourceTree = "<group>"; };
		7F7F26B50821B363002EC78F /* QSMenuInterfaceController.h */ = {isa = PBXFileReference; fileEncoding = 30; lastKnownFileType = sourcecode.c.h; path = QSMenuInterfaceController.h; sourceTree = "<group>"; };
		7F7F26B60821B363002EC78F /* QSMenuInterfaceController.m */ = {isa = PBXFileReference; fileEncoding = 30; lastKnownFileType = sourcecode.c.objc; path = QSMenuInterfaceController.m; sourceTree = "<group>"; };
		7F7F26B70821B363002EC78F /* QSMenuWindow.h */ = {isa = PBXFileReference; fileEncoding = 30; lastKnownFileType = sourcecode.c.h; path = QSMenuWindow.h; sourceTree = "<group>"; };
		7F7F26B80821B363002EC78F /* QSMenuWindow.m */ = {isa = PBXFileReference; fileEncoding = 30; lastKnownFileType = sourcecode.c.objc; path = QSMenuWindow.m; sourceTree = "<group>"; };
		7F7F26BD0821B36D002EC78F /* en */ = {isa = PBXFileReference; fileEncoding = 30; lastKnownFileType = text.plist.strings; name = en; path = en.lproj/Localizable.strings; sourceTree = "<group>"; };
		7F7F26BF0821B372002EC78F /* MenuInterface.nib */ = {isa = PBXFileReference; lastKnownFileType = wrapper.nib; path = MenuInterface.nib; sourceTree = "<group>"; };
		7FFA8E9C0816CCCA00A858CD /* QSEffects.framework */ = {isa = PBXFileReference; lastKnownFileType = wrapper.framework; path = QSEffects.framework; sourceTree = QSFrameworks; };
		7FFA8E9D0816CCCA00A858CD /* QSInterface.framework */ = {isa = PBXFileReference; lastKnownFileType = wrapper.framework; path = QSInterface.framework; sourceTree = QSFrameworks; };
		8D1AC9730486D14A00FE50C9 /* Info.plist */ = {isa = PBXFileReference; fileEncoding = 4; lastKnownFileType = text.plist; path = Info.plist; sourceTree = "<group>"; };
		8D1AC9740486D14A00FE50C9 /* Menu Interface.qsplugin */ = {isa = PBXFileReference; explicitFileType = wrapper.cfbundle; includeInIndex = 0; path = "Menu Interface.qsplugin"; sourceTree = BUILT_PRODUCTS_DIR; };
		DD92D38A0106425D02CA0E72 /* Cocoa.framework */ = {isa = PBXFileReference; lastKnownFileType = wrapper.framework; name = Cocoa.framework; path = /System/Library/Frameworks/Cocoa.framework; sourceTree = "<absolute>"; };
/* End PBXFileReference section */

/* Begin PBXFrameworksBuildPhase section */
		8D1AC96E0486D14A00FE50C9 /* Frameworks */ = {
			isa = PBXFrameworksBuildPhase;
			buildActionMask = 2147483647;
			files = (
				8D1AC9700486D14A00FE50C9 /* Cocoa.framework in Frameworks */,
				7F35FF4007F9ACD90056051D /* QSCore.framework in Frameworks */,
				7F35FF4207F9ACD90056051D /* QSFoundation.framework in Frameworks */,
				7F7F27E10821B5CA002EC78F /* QSEffects.framework in Frameworks */,
				7F7F27E20821B5CB002EC78F /* QSInterface.framework in Frameworks */,
			);
			runOnlyForDeploymentPostprocessing = 0;
		};
/* End PBXFrameworksBuildPhase section */

/* Begin PBXGroup section */
		0259C574FE90428111CA0C5A /* QSMenuInterface */ = {
			isa = PBXGroup;
			children = (
				32DBCF9E0370C38000C91783 /* Classes */,
				32DBCF9F0370C38200C91783 /* Other Sources */,
				0259C582FE90428111CA0C5A /* Resources */,
				1ED78706FE9D4A0611CA0C5A /* Products */,
				2E58F364FFB232C311CA0CBA /* Frameworks */,
			);
			name = QSMenuInterface;
			sourceTree = "<group>";
		};
		0259C582FE90428111CA0C5A /* Resources */ = {
			isa = PBXGroup;
			children = (
				7F7F26BF0821B372002EC78F /* MenuInterface.nib */,
				7F7F26BC0821B36D002EC78F /* Localizable.strings */,
				8D1AC9730486D14A00FE50C9 /* Info.plist */,
			);
			name = Resources;
			sourceTree = "<group>";
		};
		1ED78706FE9D4A0611CA0C5A /* Products */ = {
			isa = PBXGroup;
			children = (
				8D1AC9740486D14A00FE50C9 /* Menu Interface.qsplugin */,
			);
			name = Products;
			sourceTree = "<group>";
		};
		2E58F364FFB232C311CA0CBA /* Frameworks */ = {
			isa = PBXGroup;
			children = (
				DD92D38A0106425D02CA0E72 /* Cocoa.framework */,
				7F35FF3C07F9ACD90056051D /* QSCore.framework */,
				7F35FF3E07F9ACD90056051D /* QSFoundation.framework */,
				7FFA8E9C0816CCCA00A858CD /* QSEffects.framework */,
				7FFA8E9D0816CCCA00A858CD /* QSInterface.framework */,
				7FC20C8107FB741700FDD3CA /* Other Frameworks */,
			);
			name = Frameworks;
			sourceTree = "<group>";
		};
		32DBCF9E0370C38000C91783 /* Classes */ = {
			isa = PBXGroup;
			children = (
				7F7F26B20821B363002EC78F /* QSFakeMenuWindow.h */,
				7F7F26B30821B363002EC78F /* QSFakeMenuWindow.m */,
				7F7F26B40821B363002EC78F /* QSMenuInterface_Prefix.pch */,
				7F7F26B50821B363002EC78F /* QSMenuInterfaceController.h */,
				7F7F26B60821B363002EC78F /* QSMenuInterfaceController.m */,
				7F7F26B70821B363002EC78F /* QSMenuWindow.h */,
				7F7F26B80821B363002EC78F /* QSMenuWindow.m */,
			);
			name = Classes;
			sourceTree = "<group>";
		};
		32DBCF9F0370C38200C91783 /* Other Sources */ = {
			isa = PBXGroup;
			children = (
				7F699975096EDE9600420E96 /* QSPreferenceKeys.h */,
				32DBCF980370C29C00C91783 /* QSMenuInterface_Prefix.pch */,
			);
			name = "Other Sources";
			sourceTree = "<group>";
		};
		7FC20C8107FB741700FDD3CA /* Other Frameworks */ = {
			isa = PBXGroup;
			children = (
				7F35FF3D07F9ACD90056051D /* QSEffects.framework */,
				7F35FF3F07F9ACD90056051D /* QSInterface.framework */,
			);
			name = "Other Frameworks";
			sourceTree = "<group>";
		};
/* End PBXGroup section */

/* Begin PBXNativeTarget section */
		8D1AC9600486D14A00FE50C9 /* Menu Interface */ = {
			isa = PBXNativeTarget;
			buildConfigurationList = 7FFF2473085E488500266176 /* Build configuration list for PBXNativeTarget "Menu Interface" */;
			buildPhases = (
				8D1AC9660486D14A00FE50C9 /* Resources */,
				8D1AC96A0486D14A00FE50C9 /* Sources */,
				8D1AC96E0486D14A00FE50C9 /* Frameworks */,
				E1022B2806B3475D00299BEC /* ShellScript */,
			);
			buildRules = (
			);
			dependencies = (
			);
			name = "Menu Interface";
			productInstallPath = "$(HOME)/Developer/Palettes";
			productName = QSMenuInterface;
			productReference = 8D1AC9740486D14A00FE50C9 /* Menu Interface.qsplugin */;
			productType = "com.apple.product-type.bundle";
		};
/* End PBXNativeTarget section */

/* Begin PBXProject section */
		0259C573FE90428111CA0C5A /* Project object */ = {
			isa = PBXProject;
			buildConfigurationList = 7FFF2477085E488500266176 /* Build configuration list for PBXProject "QSMenuInterface" */;
			compatibilityVersion = "Xcode 2.4";
			hasScannedForEncodings = 1;
			knownRegions = (
				English,
				Japanese,
				French,
				German,
				en,
			);
			mainGroup = 0259C574FE90428111CA0C5A /* QSMenuInterface */;
			projectDirPath = "";
			projectRoot = "";
			shouldCheckCompatibility = 1;
			targets = (
				8D1AC9600486D14A00FE50C9 /* Menu Interface */,
			);
		};
/* End PBXProject section */

/* Begin PBXResourcesBuildPhase section */
		8D1AC9660486D14A00FE50C9 /* Resources */ = {
			isa = PBXResourcesBuildPhase;
			buildActionMask = 2147483647;
			files = (
				7F7F26BE0821B36D002EC78F /* Localizable.strings in Resources */,
				7F7F26C00821B372002EC78F /* MenuInterface.nib in Resources */,
			);
			runOnlyForDeploymentPostprocessing = 0;
		};
/* End PBXResourcesBuildPhase section */

/* Begin PBXShellScriptBuildPhase section */
		E1022B2806B3475D00299BEC /* ShellScript */ = {
			isa = PBXShellScriptBuildPhase;
			buildActionMask = 2147483647;
			files = (
			);
			inputPaths = (
			);
			outputPaths = (
			);
			runOnlyForDeploymentPostprocessing = 0;
			shellPath = /bin/sh;
			shellScript = "$SRCROOT/bltrversion $INFOPLIST_FILE";
		};
/* End PBXShellScriptBuildPhase section */

/* Begin PBXSourcesBuildPhase section */
		8D1AC96A0486D14A00FE50C9 /* Sources */ = {
			isa = PBXSourcesBuildPhase;
			buildActionMask = 2147483647;
			files = (
				7F7F26B90821B363002EC78F /* QSFakeMenuWindow.m in Sources */,
				7F7F26BA0821B363002EC78F /* QSMenuInterfaceController.m in Sources */,
				7F7F26BB0821B363002EC78F /* QSMenuWindow.m in Sources */,
			);
			runOnlyForDeploymentPostprocessing = 0;
		};
/* End PBXSourcesBuildPhase section */

/* Begin PBXVariantGroup section */
		7F7F26BC0821B36D002EC78F /* Localizable.strings */ = {
			isa = PBXVariantGroup;
			children = (
				7F7F26BD0821B36D002EC78F /* en */,
			);
			name = Localizable.strings;
			sourceTree = "<group>";
		};
/* End PBXVariantGroup section */

/* Begin XCBuildConfiguration section */
		7FFF2474085E488500266176 /* Development */ = {
			isa = XCBuildConfiguration;
			buildSettings = {
				BUILD_DIR = "$(SYMROOT)/PlugIns/";
				COPY_PHASE_STRIP = NO;
				FRAMEWORK_SEARCH_PATHS = (
					/Applications/Quicksilver.app/Contents/Frameworks,
					/Volumes/Lore/Forge/Build,
				);
				GCC_DYNAMIC_NO_PIC = NO;
				GCC_ENABLE_FIX_AND_CONTINUE = YES;
				GCC_GENERATE_DEBUGGING_SYMBOLS = YES;
				GCC_OPTIMIZATION_LEVEL = 0;
				GCC_PRECOMPILE_PREFIX_HEADER = YES;
				GCC_PREFIX_HEADER = QSMenuInterface_Prefix.pch;
				INFOPLIST_FILE = Info.plist;
				OTHER_LDFLAGS = "-bundle";
				PRODUCT_NAME = "Menu Interface";
				WRAPPER_EXTENSION = qsplugin;
				ZERO_LINK = YES;
			};
			name = Development;
		};
		7FFF2475085E488500266176 /* Release */ = {
			isa = XCBuildConfiguration;
			buildSettings = {
				COPY_PHASE_STRIP = YES;
				FRAMEWORK_SEARCH_PATHS = (
					/Applications/Quicksilver.app/Contents/Frameworks,
					/Volumes/Lore/Forge/Build,
				);
				GCC_ENABLE_FIX_AND_CONTINUE = NO;
				GCC_GENERATE_DEBUGGING_SYMBOLS = NO;
				GCC_PRECOMPILE_PREFIX_HEADER = YES;
				GCC_PREFIX_HEADER = QSMenuInterface_Prefix.pch;
				INFOPLIST_FILE = Info.plist;
				OTHER_LDFLAGS = "-bundle";
				PRODUCT_NAME = "Menu Interface";
				WRAPPER_EXTENSION = qsplugin;
				ZERO_LINK = NO;
			};
			name = Release;
		};
		7FFF2476085E488500266176 /* Default */ = {
			isa = XCBuildConfiguration;
			buildSettings = {
				BUILD_DIR = "$(SYMROOT)/PlugIns/";
				FRAMEWORK_SEARCH_PATHS = (
					/Applications/Quicksilver.app/Contents/Frameworks,
					/Volumes/Lore/Forge/Build,
				);
				GCC_GENERATE_DEBUGGING_SYMBOLS = NO;
				GCC_PRECOMPILE_PREFIX_HEADER = YES;
				GCC_PREFIX_HEADER = QSMenuInterface_Prefix.pch;
				INFOPLIST_FILE = Info.plist;
				OTHER_LDFLAGS = "-bundle";
				PRODUCT_NAME = "Menu Interface";
				WRAPPER_EXTENSION = qsplugin;
			};
			name = Default;
		};
		7FFF2478085E488500266176 /* Development */ = {
			isa = XCBuildConfiguration;
			buildSettings = {
				ARCHS = (
					ppc,
					i386,
				);
				MACOSX_DEPLOYMENT_TARGET = 10.4;
				SDKROOT = /Developer/SDKs/MacOSX10.4u.sdk;
			};
			name = Development;
		};
		7FFF2479085E488500266176 /* Release */ = {
			isa = XCBuildConfiguration;
			buildSettings = {
				ARCHS = (
					ppc,
					i386,
				);
				MACOSX_DEPLOYMENT_TARGET = 10.4;
				SDKROOT = /Developer/SDKs/MacOSX10.4u.sdk;
			};
			name = Release;
		};
		7FFF247A085E488500266176 /* Default */ = {
			isa = XCBuildConfiguration;
			buildSettings = {
				ARCHS = (
					ppc,
					i386,
				);
				MACOSX_DEPLOYMENT_TARGET = 10.4;
				SDKROOT = /Developer/SDKs/MacOSX10.4u.sdk;
			};
			name = Default;
		};
/* End XCBuildConfiguration section */

/* Begin XCConfigurationList section */
		7FFF2473085E488500266176 /* Build configuration list for PBXNativeTarget "Menu Interface" */ = {
			isa = XCConfigurationList;
			buildConfigurations = (
				7FFF2474085E488500266176 /* Development */,
				7FFF2475085E488500266176 /* Release */,
				7FFF2476085E488500266176 /* Default */,
			);
			defaultConfigurationIsVisible = 0;
			defaultConfigurationName = Default;
		};
		7FFF2477085E488500266176 /* Build configuration list for PBXProject "QSMenuInterface" */ = {
			isa = XCConfigurationList;
			buildConfigurations = (
				7FFF2478085E488500266176 /* Development */,
				7FFF2479085E488500266176 /* Release */,
				7FFF247A085E488500266176 /* Default */,
			);
			defaultConfigurationIsVisible = 0;
			defaultConfigurationName = Default;
		};
/* End XCConfigurationList section */
	};
	rootObject = 0259C573FE90428111CA0C5A /* Project object */;
}
