// !$*UTF8*$!
{
	archiveVersion = 1;
	classes = {
	};
	objectVersion = 42;
	objects = {

/* Begin PBXBuildFile section */
		33C91D8A0BB0D57300ABE01B /* QSShelf.nib in Resources */ = {isa = PBXBuildFile; fileRef = 7F4625DF080B594900E8EAFC /* QSShelf.nib */; };
		33C91D8B0BB0D57300ABE01B /* QSCatalogPreset.name.strings in Resources */ = {isa = PBXBuildFile; fileRef = 7FFA87200813875A00A858CD /* QSCatalogPreset.name.strings */; };
		33C91D8D0BB0D57300ABE01B /* QSShelfController.m in Sources */ = {isa = PBXBuildFile; fileRef = 7F4625D9080B593900E8EAFC /* QSShelfController.m */; };
		33C91D8E0BB0D57300ABE01B /* QSShelfSource.m in Sources */ = {isa = PBXBuildFile; fileRef = 7F4625DB080B593900E8EAFC /* QSShelfSource.m */; };
		33C91D900BB0D57300ABE01B /* Cocoa.framework in Frameworks */ = {isa = PBXBuildFile; fileRef = DD92D38A0106425D02CA0E72 /* Cocoa.framework */; };
		33C91E760BB0D5A900ABE01B /* QSBase.framework in Frameworks */ = {isa = PBXBuildFile; fileRef = 33C91E740BB0D5A900ABE01B /* QSBase.framework */; };
		33C91E770BB0D5A900ABE01B /* QSElements.framework in Frameworks */ = {isa = PBXBuildFile; fileRef = 33C91E750BB0D5A900ABE01B /* QSElements.framework */; };
		33C920580BB0D9F300ABE01B /* element.xml in Resources */ = {isa = PBXBuildFile; fileRef = 33C920570BB0D9F300ABE01B /* element.xml */; };
		7F4625DC080B593900E8EAFC /* QSShelfController.m in Sources */ = {isa = PBXBuildFile; fileRef = 7F4625D9080B593900E8EAFC /* QSShelfController.m */; };
		7F4625DD080B593900E8EAFC /* QSShelfSource.m in Sources */ = {isa = PBXBuildFile; fileRef = 7F4625DB080B593900E8EAFC /* QSShelfSource.m */; };
		7F4625E0080B594900E8EAFC /* QSShelf.nib in Resources */ = {isa = PBXBuildFile; fileRef = 7F4625DF080B594900E8EAFC /* QSShelf.nib */; };
		7FA98360096F0C0A00321006 /* QSCore.framework in Frameworks */ = {isa = PBXBuildFile; fileRef = 7FA9835C096F0C0A00321006 /* QSCore.framework */; };
		7FA98361096F0C0A00321006 /* QSEffects.framework in Frameworks */ = {isa = PBXBuildFile; fileRef = 7FA9835D096F0C0A00321006 /* QSEffects.framework */; };
		7FA98362096F0C0A00321006 /* QSFoundation.framework in Frameworks */ = {isa = PBXBuildFile; fileRef = 7FA9835E096F0C0A00321006 /* QSFoundation.framework */; };
		7FA98363096F0C0A00321006 /* QSInterface.framework in Frameworks */ = {isa = PBXBuildFile; fileRef = 7FA9835F096F0C0A00321006 /* QSInterface.framework */; };
		7FFA87220813875A00A858CD /* QSCatalogPreset.name.strings in Resources */ = {isa = PBXBuildFile; fileRef = 7FFA87200813875A00A858CD /* QSCatalogPreset.name.strings */; };
		8D1AC9700486D14A00FE50C9 /* Cocoa.framework in Frameworks */ = {isa = PBXBuildFile; fileRef = DD92D38A0106425D02CA0E72 /* Cocoa.framework */; };
/* End PBXBuildFile section */

/* Begin PBXFileReference section */
		32DBCF980370C29C00C91783 /* QSShelfPlugIn_Prefix.pch */ = {isa = PBXFileReference; fileEncoding = 4; lastKnownFileType = sourcecode.c.h; path = QSShelfPlugIn_Prefix.pch; sourceTree = "<group>"; };
		33C91D9A0BB0D57300ABE01B /* Shelf Module.element */ = {isa = PBXFileReference; explicitFileType = wrapper.cfbundle; includeInIndex = 0; path = "Shelf Module.element"; sourceTree = BUILT_PRODUCTS_DIR; };
		33C91E740BB0D5A900ABE01B /* QSBase.framework */ = {isa = PBXFileReference; lastKnownFileType = wrapper.framework; path = QSBase.framework; sourceTree = QSFrameworksDirectory; };
		33C91E750BB0D5A900ABE01B /* QSElements.framework */ = {isa = PBXFileReference; lastKnownFileType = wrapper.framework; path = QSElements.framework; sourceTree = QSFrameworksDirectory; };
		33C920570BB0D9F300ABE01B /* element.xml */ = {isa = PBXFileReference; fileEncoding = 30; lastKnownFileType = text.xml; path = element.xml; sourceTree = "<group>"; };
		7F35FF3D07F9ACD90056051D /* QSEffects.framework */ = {isa = PBXFileReference; lastKnownFileType = wrapper.framework; path = QSEffects.framework; sourceTree = QSFrameworks; };
		7F35FF3F07F9ACD90056051D /* QSInterface.framework */ = {isa = PBXFileReference; lastKnownFileType = wrapper.framework; path = QSInterface.framework; sourceTree = QSFrameworks; };
		7F4625D8080B593900E8EAFC /* QSShelfController.h */ = {isa = PBXFileReference; fileEncoding = 30; lastKnownFileType = sourcecode.c.h; path = QSShelfController.h; sourceTree = "<group>"; };
		7F4625D9080B593900E8EAFC /* QSShelfController.m */ = {isa = PBXFileReference; fileEncoding = 30; lastKnownFileType = sourcecode.c.objc; path = QSShelfController.m; sourceTree = "<group>"; };
		7F4625DA080B593900E8EAFC /* QSShelfSource.h */ = {isa = PBXFileReference; fileEncoding = 30; lastKnownFileType = sourcecode.c.h; path = QSShelfSource.h; sourceTree = "<group>"; };
		7F4625DB080B593900E8EAFC /* QSShelfSource.m */ = {isa = PBXFileReference; fileEncoding = 30; lastKnownFileType = sourcecode.c.objc; path = QSShelfSource.m; sourceTree = "<group>"; };
		7F4625DF080B594900E8EAFC /* QSShelf.nib */ = {isa = PBXFileReference; lastKnownFileType = wrapper.nib; path = QSShelf.nib; sourceTree = "<group>"; };
		7FA9835C096F0C0A00321006 /* QSCore.framework */ = {isa = PBXFileReference; lastKnownFileType = wrapper.framework; path = QSCore.framework; sourceTree = QSFrameworks; };
		7FA9835D096F0C0A00321006 /* QSEffects.framework */ = {isa = PBXFileReference; lastKnownFileType = wrapper.framework; path = QSEffects.framework; sourceTree = QSFrameworks; };
		7FA9835E096F0C0A00321006 /* QSFoundation.framework */ = {isa = PBXFileReference; lastKnownFileType = wrapper.framework; path = QSFoundation.framework; sourceTree = QSFrameworks; };
		7FA9835F096F0C0A00321006 /* QSInterface.framework */ = {isa = PBXFileReference; lastKnownFileType = wrapper.framework; path = QSInterface.framework; sourceTree = QSFrameworks; };
		7FFA87210813875A00A858CD /* en */ = {isa = PBXFileReference; fileEncoding = 30; lastKnownFileType = text.xml; name = en; path = en.lproj/QSCatalogPreset.name.strings; sourceTree = "<group>"; };
		8D1AC9730486D14A00FE50C9 /* Info.plist */ = {isa = PBXFileReference; fileEncoding = 4; lastKnownFileType = text.plist; path = Info.plist; sourceTree = "<group>"; };
		8D1AC9740486D14A00FE50C9 /* Shelf Module.qsplugin */ = {isa = PBXFileReference; explicitFileType = wrapper.cfbundle; includeInIndex = 0; path = "Shelf Module.qsplugin"; sourceTree = BUILT_PRODUCTS_DIR; };
		DD92D38A0106425D02CA0E72 /* Cocoa.framework */ = {isa = PBXFileReference; lastKnownFileType = wrapper.framework; name = Cocoa.framework; path = /System/Library/Frameworks/Cocoa.framework; sourceTree = "<absolute>"; };
/* End PBXFileReference section */

/* Begin PBXFrameworksBuildPhase section */
		33C91D8F0BB0D57300ABE01B /* Frameworks */ = {
			isa = PBXFrameworksBuildPhase;
			buildActionMask = 2147483647;
			files = (
				33C91D900BB0D57300ABE01B /* Cocoa.framework in Frameworks */,
				33C91E760BB0D5A900ABE01B /* QSBase.framework in Frameworks */,
				33C91E770BB0D5A900ABE01B /* QSElements.framework in Frameworks */,
			);
			runOnlyForDeploymentPostprocessing = 0;
		};
		8D1AC96E0486D14A00FE50C9 /* Frameworks */ = {
			isa = PBXFrameworksBuildPhase;
			buildActionMask = 2147483647;
			files = (
				8D1AC9700486D14A00FE50C9 /* Cocoa.framework in Frameworks */,
				7FA98360096F0C0A00321006 /* QSCore.framework in Frameworks */,
				7FA98361096F0C0A00321006 /* QSEffects.framework in Frameworks */,
				7FA98362096F0C0A00321006 /* QSFoundation.framework in Frameworks */,
				7FA98363096F0C0A00321006 /* QSInterface.framework in Frameworks */,
			);
			runOnlyForDeploymentPostprocessing = 0;
		};
/* End PBXFrameworksBuildPhase section */

/* Begin PBXGroup section */
		0259C574FE90428111CA0C5A /* QSShelfPlugIn */ = {
			isa = PBXGroup;
			children = (
				32DBCF9E0370C38000C91783 /* Classes */,
				32DBCF9F0370C38200C91783 /* Other Sources */,
				0259C582FE90428111CA0C5A /* Resources */,
				1ED78706FE9D4A0611CA0C5A /* Products */,
				2E58F364FFB232C311CA0CBA /* Frameworks */,
			);
			name = QSShelfPlugIn;
			sourceTree = "<group>";
		};
		0259C582FE90428111CA0C5A /* Resources */ = {
			isa = PBXGroup;
			children = (
				33C920570BB0D9F300ABE01B /* element.xml */,
				7FFA87200813875A00A858CD /* QSCatalogPreset.name.strings */,
				7F4625DF080B594900E8EAFC /* QSShelf.nib */,
				8D1AC9730486D14A00FE50C9 /* Info.plist */,
			);
			name = Resources;
			sourceTree = "<group>";
		};
		1ED78706FE9D4A0611CA0C5A /* Products */ = {
			isa = PBXGroup;
			children = (
				8D1AC9740486D14A00FE50C9 /* Shelf Module.qsplugin */,
				33C91D9A0BB0D57300ABE01B /* Shelf Module.element */,
			);
			name = Products;
			sourceTree = "<group>";
		};
		2E58F364FFB232C311CA0CBA /* Frameworks */ = {
			isa = PBXGroup;
			children = (
				7FA9835C096F0C0A00321006 /* QSCore.framework */,
				7FA9835D096F0C0A00321006 /* QSEffects.framework */,
				7FA9835E096F0C0A00321006 /* QSFoundation.framework */,
				7FA9835F096F0C0A00321006 /* QSInterface.framework */,
				DD92D38A0106425D02CA0E72 /* Cocoa.framework */,
				7FC20C8107FB741700FDD3CA /* Other Frameworks */,
				33C91E740BB0D5A900ABE01B /* QSBase.framework */,
				33C91E750BB0D5A900ABE01B /* QSElements.framework */,
			);
			name = Frameworks;
			sourceTree = "<group>";
		};
		32DBCF9E0370C38000C91783 /* Classes */ = {
			isa = PBXGroup;
			children = (
				7F4625D8080B593900E8EAFC /* QSShelfController.h */,
				7F4625D9080B593900E8EAFC /* QSShelfController.m */,
				7F4625DA080B593900E8EAFC /* QSShelfSource.h */,
				7F4625DB080B593900E8EAFC /* QSShelfSource.m */,
			);
			name = Classes;
			sourceTree = "<group>";
		};
		32DBCF9F0370C38200C91783 /* Other Sources */ = {
			isa = PBXGroup;
			children = (
				32DBCF980370C29C00C91783 /* QSShelfPlugIn_Prefix.pch */,
			);
			name = "Other Sources";
			sourceTree = "<group>";
		};
		7FC20C8107FB741700FDD3CA /* Other Frameworks */ = {
			isa = PBXGroup;
			children = (
				7F35FF3D07F9ACD90056051D /* QSEffects.framework */,
				7F35FF3F07F9ACD90056051D /* QSInterface.framework */,
			);
			name = "Other Frameworks";
			sourceTree = "<group>";
		};
/* End PBXGroup section */

/* Begin PBXNativeTarget section */
		33C91D880BB0D57300ABE01B /* Shelf Element */ = {
			isa = PBXNativeTarget;
			buildConfigurationList = 33C91D960BB0D57300ABE01B /* Build configuration list for PBXNativeTarget "Shelf Element" */;
			buildPhases = (
				33C91D890BB0D57300ABE01B /* Resources */,
				33C91D8C0BB0D57300ABE01B /* Sources */,
				33C91D8F0BB0D57300ABE01B /* Frameworks */,
				33C91D950BB0D57300ABE01B /* ShellScript */,
			);
			buildRules = (
			);
			dependencies = (
			);
			name = "Shelf Element";
			productInstallPath = "$(HOME)/Developer/Palettes";
			productName = QSShelfPlugIn;
			productReference = 33C91D9A0BB0D57300ABE01B /* Shelf Module.element */;
			productType = "com.apple.product-type.bundle";
		};
		8D1AC9600486D14A00FE50C9 /* Shelf Module */ = {
			isa = PBXNativeTarget;
			buildConfigurationList = 7FFF2509085E488600266176 /* Build configuration list for PBXNativeTarget "Shelf Module" */;
			buildPhases = (
				8D1AC9660486D14A00FE50C9 /* Resources */,
				8D1AC96A0486D14A00FE50C9 /* Sources */,
				8D1AC96E0486D14A00FE50C9 /* Frameworks */,
				E1022B2806B3475D00299BEC /* ShellScript */,
			);
			buildRules = (
			);
			dependencies = (
			);
			name = "Shelf Module";
			productInstallPath = "$(HOME)/Developer/Palettes";
			productName = QSShelfPlugIn;
			productReference = 8D1AC9740486D14A00FE50C9 /* Shelf Module.qsplugin */;
			productType = "com.apple.product-type.bundle";
		};
/* End PBXNativeTarget section */

/* Begin PBXProject section */
		0259C573FE90428111CA0C5A /* Project object */ = {
			isa = PBXProject;
			buildConfigurationList = 7FFF250D085E488600266176 /* Build configuration list for PBXProject "QSShelfPlugIn" */;
			hasScannedForEncodings = 1;
			knownRegions = (
				English,
				Japanese,
				French,
				German,
				en,
			);
			mainGroup = 0259C574FE90428111CA0C5A /* QSShelfPlugIn */;
			projectDirPath = "";
			targets = (
				8D1AC9600486D14A00FE50C9 /* Shelf Module */,
				33C91D880BB0D57300ABE01B /* Shelf Element */,
			);
		};
/* End PBXProject section */

/* Begin PBXResourcesBuildPhase section */
		33C91D890BB0D57300ABE01B /* Resources */ = {
			isa = PBXResourcesBuildPhase;
			buildActionMask = 2147483647;
			files = (
				33C91D8A0BB0D57300ABE01B /* QSShelf.nib in Resources */,
				33C91D8B0BB0D57300ABE01B /* QSCatalogPreset.name.strings in Resources */,
				33C920580BB0D9F300ABE01B /* element.xml in Resources */,
			);
			runOnlyForDeploymentPostprocessing = 0;
		};
		8D1AC9660486D14A00FE50C9 /* Resources */ = {
			isa = PBXResourcesBuildPhase;
			buildActionMask = 2147483647;
			files = (
				7F4625E0080B594900E8EAFC /* QSShelf.nib in Resources */,
				7FFA87220813875A00A858CD /* QSCatalogPreset.name.strings in Resources */,
			);
			runOnlyForDeploymentPostprocessing = 0;
		};
/* End PBXResourcesBuildPhase section */

/* Begin PBXShellScriptBuildPhase section */
		33C91D950BB0D57300ABE01B /* ShellScript */ = {
			isa = PBXShellScriptBuildPhase;
			buildActionMask = 2147483647;
			files = (
			);
			inputPaths = (
			);
			outputPaths = (
			);
			runOnlyForDeploymentPostprocessing = 0;
			shellPath = /bin/sh;
			shellScript = "$SRCROOT/bltrversion $INFOPLIST_FILE";
		};
		E1022B2806B3475D00299BEC /* ShellScript */ = {
			isa = PBXShellScriptBuildPhase;
			buildActionMask = 2147483647;
			files = (
			);
			inputPaths = (
			);
			outputPaths = (
			);
			runOnlyForDeploymentPostprocessing = 0;
			shellPath = /bin/sh;
			shellScript = "$SRCROOT/bltrversion $INFOPLIST_FILE";
		};
/* End PBXShellScriptBuildPhase section */

/* Begin PBXSourcesBuildPhase section */
		33C91D8C0BB0D57300ABE01B /* Sources */ = {
			isa = PBXSourcesBuildPhase;
			buildActionMask = 2147483647;
			files = (
				33C91D8D0BB0D57300ABE01B /* QSShelfController.m in Sources */,
				33C91D8E0BB0D57300ABE01B /* QSShelfSource.m in Sources */,
			);
			runOnlyForDeploymentPostprocessing = 0;
		};
		8D1AC96A0486D14A00FE50C9 /* Sources */ = {
			isa = PBXSourcesBuildPhase;
			buildActionMask = 2147483647;
			files = (
				7F4625DC080B593900E8EAFC /* QSShelfController.m in Sources */,
				7F4625DD080B593900E8EAFC /* QSShelfSource.m in Sources */,
			);
			runOnlyForDeploymentPostprocessing = 0;
		};
/* End PBXSourcesBuildPhase section */

/* Begin PBXVariantGroup section */
		7FFA87200813875A00A858CD /* QSCatalogPreset.name.strings */ = {
			isa = PBXVariantGroup;
			children = (
				7FFA87210813875A00A858CD /* en */,
			);
			name = QSCatalogPreset.name.strings;
			sourceTree = "<group>";
		};
/* End PBXVariantGroup section */

/* Begin XCBuildConfiguration section */
		33C91D970BB0D57300ABE01B /* Development */ = {
			isa = XCBuildConfiguration;
			buildSettings = {
				BUILD_DIR = "$(SYMROOT)/PlugIns/";
				COPY_PHASE_STRIP = NO;
				FRAMEWORK_SEARCH_PATHS = (
					"$(FRAMEWORK_SEARCH_PATHS)",
					"$(SRCROOT)/../../../Build/Release",
					"$(FRAMEWORK_SEARCH_PATHS_QUOTED_1)",
				);
				FRAMEWORK_SEARCH_PATHS_QUOTED_1 = "\"$(SRCROOT)/../../../Developer/Build/Release\"";
				GCC_DYNAMIC_NO_PIC = NO;
				GCC_ENABLE_FIX_AND_CONTINUE = YES;
				GCC_GENERATE_DEBUGGING_SYMBOLS = YES;
				GCC_OPTIMIZATION_LEVEL = 0;
				GCC_PRECOMPILE_PREFIX_HEADER = YES;
				GCC_PREFIX_HEADER = ../Common/QSElement_Prefix.pch;
				INFOPLIST_FILE = Info.plist;
				OTHER_LDFLAGS = "-bundle";
				PRODUCT_NAME = "Shelf Module";
				WRAPPER_EXTENSION = element;
				ZERO_LINK = YES;
			};
			name = Development;
		};
		33C91D980BB0D57300ABE01B /* Release */ = {
			isa = XCBuildConfiguration;
			buildSettings = {
				COPY_PHASE_STRIP = YES;
				FRAMEWORK_SEARCH_PATHS = (
					"$(FRAMEWORK_SEARCH_PATHS)",
					"$(SRCROOT)/../../../Build/Release",
					"$(FRAMEWORK_SEARCH_PATHS_QUOTED_1)",
				);
				FRAMEWORK_SEARCH_PATHS_QUOTED_1 = "\"$(SRCROOT)/../../../Developer/Build/Release\"";
				GCC_ENABLE_FIX_AND_CONTINUE = NO;
				GCC_GENERATE_DEBUGGING_SYMBOLS = NO;
				GCC_PRECOMPILE_PREFIX_HEADER = YES;
				GCC_PREFIX_HEADER = ../Common/QSElement_Prefix.pch;
				INFOPLIST_FILE = Info.plist;
				OTHER_LDFLAGS = "-bundle";
				PRODUCT_NAME = "Shelf Module";
				WRAPPER_EXTENSION = element;
				ZERO_LINK = NO;
			};
			name = Release;
		};
		33C91D990BB0D57300ABE01B /* Default */ = {
			isa = XCBuildConfiguration;
			buildSettings = {
				BUILD_DIR = "$(SYMROOT)/PlugIns/";
				FRAMEWORK_SEARCH_PATHS = (
					"$(FRAMEWORK_SEARCH_PATHS)",
					"$(SRCROOT)/../../../Build/Release",
					"$(FRAMEWORK_SEARCH_PATHS_QUOTED_1)",
				);
				FRAMEWORK_SEARCH_PATHS_QUOTED_1 = "\"$(SRCROOT)/../../../Developer/Build/Release\"";
				GCC_GENERATE_DEBUGGING_SYMBOLS = NO;
				GCC_PRECOMPILE_PREFIX_HEADER = YES;
				GCC_PREFIX_HEADER = ../Common/QSElement_Prefix.pch;
				INFOPLIST_FILE = Info.plist;
				OTHER_LDFLAGS = "-bundle";
				PRODUCT_NAME = "Shelf Module";
				WRAPPER_EXTENSION = element;
			};
			name = Default;
		};
		7FFF250A085E488600266176 /* Development */ = {
			isa = XCBuildConfiguration;
			buildSettings = {
				BUILD_DIR = "$(SYMROOT)/PlugIns/";
				COPY_PHASE_STRIP = NO;
				FRAMEWORK_SEARCH_PATHS = (
					"$(FRAMEWORK_SEARCH_PATHS)",
					"$(SRCROOT)/../../../Build/Release",
				);
				GCC_DYNAMIC_NO_PIC = NO;
				GCC_ENABLE_FIX_AND_CONTINUE = YES;
				GCC_GENERATE_DEBUGGING_SYMBOLS = YES;
				GCC_OPTIMIZATION_LEVEL = 0;
				GCC_PRECOMPILE_PREFIX_HEADER = YES;
				GCC_PREFIX_HEADER = QSShelfPlugIn_Prefix.pch;
				INFOPLIST_FILE = Info.plist;
				OTHER_LDFLAGS = "-bundle";
				PRODUCT_NAME = "Shelf Module";
				WRAPPER_EXTENSION = qsplugin;
				ZERO_LINK = YES;
			};
			name = Development;
		};
		7FFF250B085E488600266176 /* Release */ = {
			isa = XCBuildConfiguration;
			buildSettings = {
				COPY_PHASE_STRIP = YES;
				FRAMEWORK_SEARCH_PATHS = (
					"$(FRAMEWORK_SEARCH_PATHS)",
					"$(SRCROOT)/../../../Build/Release",
				);
				GCC_ENABLE_FIX_AND_CONTINUE = NO;
				GCC_GENERATE_DEBUGGING_SYMBOLS = NO;
				GCC_PRECOMPILE_PREFIX_HEADER = YES;
				GCC_PREFIX_HEADER = QSShelfPlugIn_Prefix.pch;
				INFOPLIST_FILE = Info.plist;
				OTHER_LDFLAGS = "-bundle";
				PRODUCT_NAME = "Shelf Module";
				WRAPPER_EXTENSION = qsplugin;
				ZERO_LINK = NO;
			};
			name = Release;
		};
		7FFF250C085E488600266176 /* Default */ = {
			isa = XCBuildConfiguration;
			buildSettings = {
				BUILD_DIR = "$(SYMROOT)/PlugIns/";
				FRAMEWORK_SEARCH_PATHS = (
					"$(FRAMEWORK_SEARCH_PATHS)",
					"$(SRCROOT)/../../../Build/Release",
				);
				GCC_GENERATE_DEBUGGING_SYMBOLS = NO;
				GCC_PRECOMPILE_PREFIX_HEADER = YES;
				GCC_PREFIX_HEADER = QSShelfPlugIn_Prefix.pch;
				INFOPLIST_FILE = Info.plist;
				OTHER_LDFLAGS = "-bundle";
				PRODUCT_NAME = "Shelf Module";
				WRAPPER_EXTENSION = qsplugin;
			};
			name = Default;
		};
		7FFF250E085E488600266176 /* Development */ = {
			isa = XCBuildConfiguration;
			buildSettings = {
				MACOSX_DEPLOYMENT_TARGET = 10.4;
				SDKROOT = /Developer/SDKs/MacOSX10.4u.sdk;
			};
			name = Development;
		};
		7FFF250F085E488600266176 /* Release */ = {
			isa = XCBuildConfiguration;
			buildSettings = {
				ARCHS = (
					ppc,
					i386,
				);
				MACOSX_DEPLOYMENT_TARGET = 10.4;
				SDKROOT = /Developer/SDKs/MacOSX10.4u.sdk;
			};
			name = Release;
		};
		7FFF2510085E488600266176 /* Default */ = {
			isa = XCBuildConfiguration;
			buildSettings = {
				MACOSX_DEPLOYMENT_TARGET = 10.4;
				SDKROOT = /Developer/SDKs/MacOSX10.4u.sdk;
			};
			name = Default;
		};
/* End XCBuildConfiguration section */

/* Begin XCConfigurationList section */
		33C91D960BB0D57300ABE01B /* Build configuration list for PBXNativeTarget "Shelf Element" */ = {
			isa = XCConfigurationList;
			buildConfigurations = (
				33C91D970BB0D57300ABE01B /* Development */,
				33C91D980BB0D57300ABE01B /* Release */,
				33C91D990BB0D57300ABE01B /* Default */,
			);
			defaultConfigurationIsVisible = 0;
			defaultConfigurationName = Default;
		};
		7FFF2509085E488600266176 /* Build configuration list for PBXNativeTarget "Shelf Module" */ = {
			isa = XCConfigurationList;
			buildConfigurations = (
				7FFF250A085E488600266176 /* Development */,
				7FFF250B085E488600266176 /* Release */,
				7FFF250C085E488600266176 /* Default */,
			);
			defaultConfigurationIsVisible = 0;
			defaultConfigurationName = Default;
		};
		7FFF250D085E488600266176 /* Build configuration list for PBXProject "QSShelfPlugIn" */ = {
			isa = XCConfigurationList;
			buildConfigurations = (
				7FFF250E085E488600266176 /* Development */,
				7FFF250F085E488600266176 /* Release */,
				7FFF2510085E488600266176 /* Default */,
			);
			defaultConfigurationIsVisible = 0;
			defaultConfigurationName = Default;
		};
/* End XCConfigurationList section */
	};
	rootObject = 0259C573FE90428111CA0C5A /* Project object */;
}
