// !$*UTF8*$!
{
	archiveVersion = 1;
	classes = {
	};
	objectVersion = 42;
	objects = {

/* Begin PBXBuildFile section */
		7F2EA51E08BCC5680011D3CA /* QSCore.framework in Frameworks */ = {isa = PBXBuildFile; fileRef = 7F2EA51A08BCC5680011D3CA /* QSCore.framework */; };
		7F2EA51F08BCC5680011D3CA /* QSEffects.framework in Frameworks */ = {isa = PBXBuildFile; fileRef = 7F2EA51B08BCC5680011D3CA /* QSEffects.framework */; };
		7F2EA52008BCC5680011D3CA /* QSFoundation.framework in Frameworks */ = {isa = PBXBuildFile; fileRef = 7F2EA51C08BCC5680011D3CA /* QSFoundation.framework */; };
		7F2EA52108BCC5680011D3CA /* QSInterface.framework in Frameworks */ = {isa = PBXBuildFile; fileRef = 7F2EA51D08BCC5680011D3CA /* QSInterface.framework */; };
		7FE57F8A0A23283500EA2AB6 /* Skype.framework in Frameworks */ = {isa = PBXBuildFile; fileRef = 7FE57F890A23283500EA2AB6 /* Skype.framework */; };
		7FF6088908D3167100923E78 /* QSSkypePlugIn_Action.m in Sources */ = {isa = PBXBuildFile; fileRef = 7FF6088608D3167100923E78 /* QSSkypePlugIn_Action.m */; };
		7FF6088A08D3167100923E78 /* QSSkypePlugIn_Source.m in Sources */ = {isa = PBXBuildFile; fileRef = 7FF6088808D3167100923E78 /* QSSkypePlugIn_Source.m */; };
		8D1AC9700486D14A00FE50C9 /* Cocoa.framework in Frameworks */ = {isa = PBXBuildFile; fileRef = DD92D38A0106425D02CA0E72 /* Cocoa.framework */; };
/* End PBXBuildFile section */

/* Begin PBXBuildStyle section */
		2E58F360FFB2326E11CA0CBA /* Development */ = {
			isa = PBXBuildStyle;
			buildSettings = {
				COPY_PHASE_STRIP = NO;
				GCC_DYNAMIC_NO_PIC = NO;
				GCC_ENABLE_FIX_AND_CONTINUE = YES;
				GCC_GENERATE_DEBUGGING_SYMBOLS = YES;
				GCC_OPTIMIZATION_LEVEL = 0;
				ZERO_LINK = YES;
			};
			name = Development;
		};
		2E58F361FFB2326E11CA0CBA /* Deployment */ = {
			isa = PBXBuildStyle;
			buildSettings = {
				COPY_PHASE_STRIP = YES;
				GCC_ENABLE_FIX_AND_CONTINUE = NO;
				ZERO_LINK = NO;
			};
			name = Deployment;
		};
/* End PBXBuildStyle section */

/* Begin PBXFileReference section */
		32DBCF980370C29C00C91783 /* QSSkypePlugIn_Prefix.pch */ = {isa = PBXFileReference; fileEncoding = 4; lastKnownFileType = sourcecode.c.h; path = QSSkypePlugIn_Prefix.pch; sourceTree = "<group>"; };
		7F2EA51A08BCC5680011D3CA /* QSCore.framework */ = {isa = PBXFileReference; lastKnownFileType = wrapper.framework; path = QSCore.framework; sourceTree = QSFrameworks; };
		7F2EA51B08BCC5680011D3CA /* QSEffects.framework */ = {isa = PBXFileReference; lastKnownFileType = wrapper.framework; path = QSEffects.framework; sourceTree = QSFrameworks; };
		7F2EA51C08BCC5680011D3CA /* QSFoundation.framework */ = {isa = PBXFileReference; lastKnownFileType = wrapper.framework; path = QSFoundation.framework; sourceTree = QSFrameworks; };
		7F2EA51D08BCC5680011D3CA /* QSInterface.framework */ = {isa = PBXFileReference; lastKnownFileType = wrapper.framework; path = QSInterface.framework; sourceTree = QSFrameworks; };
		7FE57F890A23283500EA2AB6 /* Skype.framework */ = {isa = PBXFileReference; lastKnownFileType = wrapper.framework; name = Skype.framework; path = ../../../../Applications/Skype.app/Contents/Frameworks/Skype.framework; sourceTree = SOURCE_ROOT; };
		7FF6088508D3167100923E78 /* QSSkypePlugIn_Action.h */ = {isa = PBXFileReference; fileEncoding = 30; lastKnownFileType = sourcecode.c.h; path = QSSkypePlugIn_Action.h; sourceTree = "<group>"; };
		7FF6088608D3167100923E78 /* QSSkypePlugIn_Action.m */ = {isa = PBXFileReference; fileEncoding = 30; lastKnownFileType = sourcecode.c.objc; path = QSSkypePlugIn_Action.m; sourceTree = "<group>"; };
		7FF6088708D3167100923E78 /* QSSkypePlugIn_Source.h */ = {isa = PBXFileReference; fileEncoding = 30; lastKnownFileType = sourcecode.c.h; path = QSSkypePlugIn_Source.h; sourceTree = "<group>"; };
		7FF6088808D3167100923E78 /* QSSkypePlugIn_Source.m */ = {isa = PBXFileReference; fileEncoding = 30; lastKnownFileType = sourcecode.c.objc; path = QSSkypePlugIn_Source.m; sourceTree = "<group>"; };
		8D1AC9730486D14A00FE50C9 /* Info.plist */ = {isa = PBXFileReference; fileEncoding = 4; lastKnownFileType = text.plist; path = Info.plist; sourceTree = "<group>"; };
		8D1AC9740486D14A00FE50C9 /* Skype Module.qsplugin */ = {isa = PBXFileReference; explicitFileType = wrapper.cfbundle; includeInIndex = 0; path = "Skype Module.qsplugin"; sourceTree = BUILT_PRODUCTS_DIR; };
		DD92D38A0106425D02CA0E72 /* Cocoa.framework */ = {isa = PBXFileReference; lastKnownFileType = wrapper.framework; name = Cocoa.framework; path = /System/Library/Frameworks/Cocoa.framework; sourceTree = "<absolute>"; };
/* End PBXFileReference section */

/* Begin PBXFrameworksBuildPhase section */
		8D1AC96E0486D14A00FE50C9 /* Frameworks */ = {
			isa = PBXFrameworksBuildPhase;
			buildActionMask = 2147483647;
			files = (
				8D1AC9700486D14A00FE50C9 /* Cocoa.framework in Frameworks */,
				7F2EA51E08BCC5680011D3CA /* QSCore.framework in Frameworks */,
				7F2EA51F08BCC5680011D3CA /* QSEffects.framework in Frameworks */,
				7F2EA52008BCC5680011D3CA /* QSFoundation.framework in Frameworks */,
				7F2EA52108BCC5680011D3CA /* QSInterface.framework in Frameworks */,
				7FE57F8A0A23283500EA2AB6 /* Skype.framework in Frameworks */,
			);
			runOnlyForDeploymentPostprocessing = 0;
		};
/* End PBXFrameworksBuildPhase section */

/* Begin PBXGroup section */
		0259C574FE90428111CA0C5A /* QSSkypePlugIn */ = {
			isa = PBXGroup;
			children = (
				32DBCF9E0370C38000C91783 /* Classes */,
				32DBCF9F0370C38200C91783 /* Other Sources */,
				0259C582FE90428111CA0C5A /* Resources */,
				1ED78706FE9D4A0611CA0C5A /* Products */,
				2E58F364FFB232C311CA0CBA /* Frameworks */,
			);
			name = QSSkypePlugIn;
			sourceTree = "<group>";
		};
		0259C582FE90428111CA0C5A /* Resources */ = {
			isa = PBXGroup;
			children = (
				8D1AC9730486D14A00FE50C9 /* Info.plist */,
			);
			name = Resources;
			sourceTree = "<group>";
		};
		1ED78706FE9D4A0611CA0C5A /* Products */ = {
			isa = PBXGroup;
			children = (
				8D1AC9740486D14A00FE50C9 /* Skype Module.qsplugin */,
			);
			name = Products;
			sourceTree = "<group>";
		};
		2E58F364FFB232C311CA0CBA /* Frameworks */ = {
			isa = PBXGroup;
			children = (
				7FE57F890A23283500EA2AB6 /* Skype.framework */,
				7F2EA51A08BCC5680011D3CA /* QSCore.framework */,
				7F2EA51B08BCC5680011D3CA /* QSEffects.framework */,
				7F2EA51C08BCC5680011D3CA /* QSFoundation.framework */,
				7F2EA51D08BCC5680011D3CA /* QSInterface.framework */,
				DD92D38A0106425D02CA0E72 /* Cocoa.framework */,
			);
			name = Frameworks;
			sourceTree = "<group>";
		};
		32DBCF9E0370C38000C91783 /* Classes */ = {
			isa = PBXGroup;
			children = (
				7FF6088508D3167100923E78 /* QSSkypePlugIn_Action.h */,
				7FF6088608D3167100923E78 /* QSSkypePlugIn_Action.m */,
				7FF6088708D3167100923E78 /* QSSkypePlugIn_Source.h */,
				7FF6088808D3167100923E78 /* QSSkypePlugIn_Source.m */,
			);
			name = Classes;
			sourceTree = "<group>";
		};
		32DBCF9F0370C38200C91783 /* Other Sources */ = {
			isa = PBXGroup;
			children = (
				32DBCF980370C29C00C91783 /* QSSkypePlugIn_Prefix.pch */,
			);
			name = "Other Sources";
			sourceTree = "<group>";
		};
/* End PBXGroup section */

/* Begin PBXNativeTarget section */
		8D1AC9600486D14A00FE50C9 /* Skype Module */ = {
			isa = PBXNativeTarget;
			buildConfigurationList = 7FFF2521085E488600266176 /* Build configuration list for PBXNativeTarget "Skype Module" */;
			buildPhases = (
				8D1AC9660486D14A00FE50C9 /* Resources */,
				8D1AC96A0486D14A00FE50C9 /* Sources */,
				8D1AC96E0486D14A00FE50C9 /* Frameworks */,
				E1022B2806B3475D00299BEC /* ShellScript */,
			);
			buildRules = (
			);
			buildSettings = {
				FRAMEWORK_SEARCH_PATHS = /Volumes/Lore/Forge/Development/Quicksilver/build/Quicksilver.app/Contents/Frameworks;
				GCC_GENERATE_DEBUGGING_SYMBOLS = NO;
				GCC_PRECOMPILE_PREFIX_HEADER = YES;
				GCC_PREFIX_HEADER = QSSkypePlugIn_Prefix.pch;
				INFOPLIST_FILE = Info.plist;
				INSTALL_PATH = "$(HOME)/Developer/Palettes";
				OTHER_LDFLAGS = "-bundle";
				PRODUCT_NAME = QSSkypePlugIn;
				WRAPPER_EXTENSION = qsplugin;
			};
			dependencies = (
			);
			name = "Skype Module";
			productInstallPath = "$(HOME)/Developer/Palettes";
			productName = QSSkypePlugIn;
			productReference = 8D1AC9740486D14A00FE50C9 /* Skype Module.qsplugin */;
			productType = "com.apple.product-type.bundle";
		};
/* End PBXNativeTarget section */

/* Begin PBXProject section */
		0259C573FE90428111CA0C5A /* Project object */ = {
			isa = PBXProject;
			buildConfigurationList = 7FFF2525085E488600266176 /* Build configuration list for PBXProject "QSSkypePlugIn" */;
			buildSettings = {
			};
			buildStyles = (
				2E58F360FFB2326E11CA0CBA /* Development */,
				2E58F361FFB2326E11CA0CBA /* Deployment */,
			);
			hasScannedForEncodings = 1;
			mainGroup = 0259C574FE90428111CA0C5A /* QSSkypePlugIn */;
			projectDirPath = "";
			targets = (
				8D1AC9600486D14A00FE50C9 /* Skype Module */,
			);
		};
/* End PBXProject section */

/* Begin PBXResourcesBuildPhase section */
		8D1AC9660486D14A00FE50C9 /* Resources */ = {
			isa = PBXResourcesBuildPhase;
			buildActionMask = 2147483647;
			files = (
			);
			runOnlyForDeploymentPostprocessing = 0;
		};
/* End PBXResourcesBuildPhase section */

/* Begin PBXShellScriptBuildPhase section */
		E1022B2806B3475D00299BEC /* ShellScript */ = {
			isa = PBXShellScriptBuildPhase;
			buildActionMask = 2147483647;
			files = (
			);
			inputPaths = (
			);
			outputPaths = (
			);
			runOnlyForDeploymentPostprocessing = 0;
			shellPath = /bin/sh;
			shellScript = "$SRCROOT/bltrversion $INFOPLIST_FILE";
		};
/* End PBXShellScriptBuildPhase section */

/* Begin PBXSourcesBuildPhase section */
		8D1AC96A0486D14A00FE50C9 /* Sources */ = {
			isa = PBXSourcesBuildPhase;
			buildActionMask = 2147483647;
			files = (
				7FF6088908D3167100923E78 /* QSSkypePlugIn_Action.m in Sources */,
				7FF6088A08D3167100923E78 /* QSSkypePlugIn_Source.m in Sources */,
			);
			runOnlyForDeploymentPostprocessing = 0;
		};
/* End PBXSourcesBuildPhase section */

/* Begin XCBuildConfiguration section */
		7FFF2523085E488600266176 /* Release */ = {
			isa = XCBuildConfiguration;
			buildSettings = {
				COPY_PHASE_STRIP = YES;
				FRAMEWORK_SEARCH_PATHS = (
					"$(QSFrameworks)",
					"$(SRCROOT)/../../../../Library/Frameworks",
					"$(SRCROOT)/../../../../Applications/Skype.app/Contents/Frameworks",
					"$(SRCROOT)",
				);
				GCC_ENABLE_FIX_AND_CONTINUE = NO;
				GCC_GENERATE_DEBUGGING_SYMBOLS = NO;
				GCC_PRECOMPILE_PREFIX_HEADER = YES;
				GCC_PREFIX_HEADER = QSSkypePlugIn_Prefix.pch;
				INFOPLIST_FILE = Info.plist;
				OTHER_LDFLAGS = (
					"-bundle",
					"-weak_framework",
					Skype,
				);
				PRODUCT_NAME = "Skype Module";
				WRAPPER_EXTENSION = qsplugin;
				ZERO_LINK = NO;
			};
			name = Release;
		};
		7FFF2527085E488600266176 /* Release */ = {
			isa = XCBuildConfiguration;
			buildSettings = {
				ARCHS = (
					ppc,
					i386,
				);
				MACOSX_DEPLOYMENT_TARGET = 10.4;
				SDKROOT = /Developer/SDKs/MacOSX10.4u.sdk;
			};
			name = Release;
		};
/* End XCBuildConfiguration section */

/* Begin XCConfigurationList section */
		7FFF2521085E488600266176 /* Build configuration list for PBXNativeTarget "Skype Module" */ = {
			isa = XCConfigurationList;
			buildConfigurations = (
				7FFF2523085E488600266176 /* Release */,
			);
			defaultConfigurationIsVisible = 0;
			defaultConfigurationName = Release;
		};
		7FFF2525085E488600266176 /* Build configuration list for PBXProject "QSSkypePlugIn" */ = {
			isa = XCConfigurationList;
			buildConfigurations = (
				7FFF2527085E488600266176 /* Release */,
			);
			defaultConfigurationIsVisible = 0;
			defaultConfigurationName = Release;
		};
/* End XCConfigurationList section */
	};
	rootObject = 0259C573FE90428111CA0C5A /* Project object */;
}
