// !$*UTF8*$!
{
	archiveVersion = 1;
	classes = {
	};
	objectVersion = 42;
	objects = {

/* Begin PBXBuildFile section */
		7FB9401B086393F600B33E33 /* QSCore.framework in Frameworks */ = {isa = PBXBuildFile; fileRef = 7FB94019086393F600B33E33 /* QSCore.framework */; };
		7FB9401C086393F600B33E33 /* QSFoundation.framework in Frameworks */ = {isa = PBXBuildFile; fileRef = 7FB9401A086393F600B33E33 /* QSFoundation.framework */; };
		7FF791410865B5E6001A0F63 /* QSChronoTriggersRestrict.nib in Resources */ = {isa = PBXBuildFile; fileRef = 7FF791400865B5E6001A0F63 /* QSChronoTriggersRestrict.nib */; };
		8D1AC9700486D14A00FE50C9 /* Cocoa.framework in Frameworks */ = {isa = PBXBuildFile; fileRef = DD92D38A0106425D02CA0E72 /* Cocoa.framework */; };
		E1344BFB074113C200E50213 /* QSChronoTrigger.nib in Resources */ = {isa = PBXBuildFile; fileRef = E1344BFA074113C200E50213 /* QSChronoTrigger.nib */; };
		E1EAB046068128A200774DFF /* QSChronoTriggersPlugIn.m in Sources */ = {isa = PBXBuildFile; fileRef = E1EAB045068128A200774DFF /* QSChronoTriggersPlugIn.m */; };
/* End PBXBuildFile section */

/* Begin PBXFileReference section */
		14E61AD010CFDDCA007663EE /* Common.xcconfig */ = {isa = PBXFileReference; fileEncoding = 4; lastKnownFileType = text.xcconfig; path = Common.xcconfig; sourceTree = "<group>"; };
		14E61AD110CFDDCA007663EE /* Debug.xcconfig */ = {isa = PBXFileReference; fileEncoding = 4; lastKnownFileType = text.xcconfig; path = Debug.xcconfig; sourceTree = "<group>"; };
		14E61AD210CFDDCA007663EE /* Developer.xcconfig */ = {isa = PBXFileReference; fileEncoding = 4; lastKnownFileType = text.xcconfig; path = Developer.xcconfig; sourceTree = "<group>"; };
		14E61AD310CFDDCA007663EE /* QSPlugIn_Debug.xcconfig */ = {isa = PBXFileReference; fileEncoding = 4; lastKnownFileType = text.xcconfig; path = QSPlugIn_Debug.xcconfig; sourceTree = "<group>"; };
		14E61AD410CFDDCA007663EE /* QSPlugIn_Prefix.pch */ = {isa = PBXFileReference; fileEncoding = 4; lastKnownFileType = sourcecode.c.h; path = QSPlugIn_Prefix.pch; sourceTree = "<group>"; };
		14E61AD510CFDDCA007663EE /* QSPlugIn_Release.xcconfig */ = {isa = PBXFileReference; fileEncoding = 4; lastKnownFileType = text.xcconfig; path = QSPlugIn_Release.xcconfig; sourceTree = "<group>"; };
		14E61AD610CFDDCA007663EE /* QSPlugIn.xcconfig */ = {isa = PBXFileReference; fileEncoding = 4; lastKnownFileType = text.xcconfig; path = QSPlugIn.xcconfig; sourceTree = "<group>"; };
		14E61AD710CFDDCA007663EE /* Release.xcconfig */ = {isa = PBXFileReference; fileEncoding = 4; lastKnownFileType = text.xcconfig; path = Release.xcconfig; sourceTree = "<group>"; };
		32DBCF980370C29C00C91783 /* QSChronoTriggersPlugIn_Prefix.pch */ = {isa = PBXFileReference; fileEncoding = 4; lastKnownFileType = sourcecode.c.h; path = QSChronoTriggersPlugIn_Prefix.pch; sourceTree = "<group>"; };
		7FB94019086393F600B33E33 /* QSCore.framework */ = {isa = PBXFileReference; lastKnownFileType = wrapper.framework; path = QSCore.framework; sourceTree = QSFrameworks; };
		7FB9401A086393F600B33E33 /* QSFoundation.framework */ = {isa = PBXFileReference; lastKnownFileType = wrapper.framework; path = QSFoundation.framework; sourceTree = QSFrameworks; };
		7FF791400865B5E6001A0F63 /* QSChronoTriggersRestrict.nib */ = {isa = PBXFileReference; lastKnownFileType = wrapper.nib; path = QSChronoTriggersRestrict.nib; sourceTree = "<group>"; };
		8D1AC9730486D14A00FE50C9 /* Info.plist */ = {isa = PBXFileReference; fileEncoding = 4; lastKnownFileType = text.plist; path = Info.plist; sourceTree = "<group>"; };
		8D1AC9740486D14A00FE50C9 /* Time Triggers.qsplugin */ = {isa = PBXFileReference; explicitFileType = wrapper.cfbundle; includeInIndex = 0; path = "Time Triggers.qsplugin"; sourceTree = BUILT_PRODUCTS_DIR; };
		DD92D38A0106425D02CA0E72 /* Cocoa.framework */ = {isa = PBXFileReference; lastKnownFileType = wrapper.framework; name = Cocoa.framework; path = /System/Library/Frameworks/Cocoa.framework; sourceTree = "<absolute>"; };
		E1344BFA074113C200E50213 /* QSChronoTrigger.nib */ = {isa = PBXFileReference; lastKnownFileType = wrapper.nib; path = QSChronoTrigger.nib; sourceTree = "<group>"; };
		E1EAB045068128A200774DFF /* QSChronoTriggersPlugIn.m */ = {isa = PBXFileReference; fileEncoding = 30; lastKnownFileType = sourcecode.c.objc; path = QSChronoTriggersPlugIn.m; sourceTree = "<group>"; };
		E1EAB047068128A800774DFF /* QSChronoTriggersPlugIn.h */ = {isa = PBXFileReference; fileEncoding = 30; lastKnownFileType = sourcecode.c.h; path = QSChronoTriggersPlugIn.h; sourceTree = "<group>"; };
/* End PBXFileReference section */

/* Begin PBXFrameworksBuildPhase section */
		8D1AC96E0486D14A00FE50C9 /* Frameworks */ = {
			isa = PBXFrameworksBuildPhase;
			buildActionMask = 2147483647;
			files = (
				8D1AC9700486D14A00FE50C9 /* Cocoa.framework in Frameworks */,
				7FB9401B086393F600B33E33 /* QSCore.framework in Frameworks */,
				7FB9401C086393F600B33E33 /* QSFoundation.framework in Frameworks */,
			);
			runOnlyForDeploymentPostprocessing = 0;
		};
/* End PBXFrameworksBuildPhase section */

/* Begin PBXGroup section */
		0259C574FE90428111CA0C5A /* QSChronologicalTriggersPlugIn */ = {
			isa = PBXGroup;
			children = (
				14E61ACB10CFDD83007663EE /* Configuration */,
				32DBCF9E0370C38000C91783 /* Classes */,
				32DBCF9F0370C38200C91783 /* Other Sources */,
				0259C582FE90428111CA0C5A /* Resources */,
				1ED78706FE9D4A0611CA0C5A /* Products */,
				2E58F364FFB232C311CA0CBA /* Frameworks */,
			);
			name = QSChronologicalTriggersPlugIn;
			sourceTree = "<group>";
		};
		0259C582FE90428111CA0C5A /* Resources */ = {
			isa = PBXGroup;
			children = (
				E1344BFA074113C200E50213 /* QSChronoTrigger.nib */,
				8D1AC9730486D14A00FE50C9 /* Info.plist */,
				7FF791400865B5E6001A0F63 /* QSChronoTriggersRestrict.nib */,
			);
			name = Resources;
			sourceTree = "<group>";
		};
		14E61ACB10CFDD83007663EE /* Configuration */ = {
			isa = PBXGroup;
			children = (
				14E61AD010CFDDCA007663EE /* Common.xcconfig */,
				14E61AD110CFDDCA007663EE /* Debug.xcconfig */,
				14E61AD210CFDDCA007663EE /* Developer.xcconfig */,
				14E61AD310CFDDCA007663EE /* QSPlugIn_Debug.xcconfig */,
				14E61AD410CFDDCA007663EE /* QSPlugIn_Prefix.pch */,
				14E61AD510CFDDCA007663EE /* QSPlugIn_Release.xcconfig */,
				14E61AD610CFDDCA007663EE /* QSPlugIn.xcconfig */,
				14E61AD710CFDDCA007663EE /* Release.xcconfig */,
			);
			path = Configuration;
			sourceTree = QS_SOURCE_ROOT;
		};
		1ED78706FE9D4A0611CA0C5A /* Products */ = {
			isa = PBXGroup;
			children = (
				8D1AC9740486D14A00FE50C9 /* Time Triggers.qsplugin */,
			);
			name = Products;
			sourceTree = "<group>";
		};
		2E58F364FFB232C311CA0CBA /* Frameworks */ = {
			isa = PBXGroup;
			children = (
				7FB94019086393F600B33E33 /* QSCore.framework */,
				7FB9401A086393F600B33E33 /* QSFoundation.framework */,
				DD92D38A0106425D02CA0E72 /* Cocoa.framework */,
			);
			name = Frameworks;
			sourceTree = "<group>";
		};
		32DBCF9E0370C38000C91783 /* Classes */ = {
			isa = PBXGroup;
			children = (
				E1EAB045068128A200774DFF /* QSChronoTriggersPlugIn.m */,
			);
			name = Classes;
			sourceTree = "<group>";
		};
		32DBCF9F0370C38200C91783 /* Other Sources */ = {
			isa = PBXGroup;
			children = (
				32DBCF980370C29C00C91783 /* QSChronoTriggersPlugIn_Prefix.pch */,
				E1EAB047068128A800774DFF /* QSChronoTriggersPlugIn.h */,
			);
			name = "Other Sources";
			sourceTree = "<group>";
		};
/* End PBXGroup section */

/* Begin PBXNativeTarget section */
		8D1AC9600486D14A00FE50C9 /* Chrono Triggers */ = {
			isa = PBXNativeTarget;
			buildConfigurationList = 7F07AF66085E432C00E2AFC4 /* Build configuration list for PBXNativeTarget "Chrono Triggers" */;
			buildPhases = (
				8D1AC9660486D14A00FE50C9 /* Resources */,
				8D1AC96A0486D14A00FE50C9 /* Sources */,
				8D1AC96E0486D14A00FE50C9 /* Frameworks */,
				E1022B2806B3475D00299BEC /* ShellScript */,
			);
			buildRules = (
			);
			dependencies = (
			);
			name = "Chrono Triggers";
			productInstallPath = "$(HOME)/Developer/Palettes";
			productName = QSChronologicalTriggersPlugIn;
			productReference = 8D1AC9740486D14A00FE50C9 /* Time Triggers.qsplugin */;
			productType = "com.apple.product-type.bundle";
		};
/* End PBXNativeTarget section */

/* Begin PBXProject section */
		0259C573FE90428111CA0C5A /* Project object */ = {
			isa = PBXProject;
			buildConfigurationList = 7F07AF6A085E432C00E2AFC4 /* Build configuration list for PBXProject "QSChronoTriggersPlugIn" */;
			compatibilityVersion = "Xcode 2.4";
			hasScannedForEncodings = 1;
			mainGroup = 0259C574FE90428111CA0C5A /* QSChronologicalTriggersPlugIn */;
			projectDirPath = "";
			projectRoot = "";
			targets = (
				8D1AC9600486D14A00FE50C9 /* Chrono Triggers */,
			);
		};
/* End PBXProject section */

/* Begin PBXResourcesBuildPhase section */
		8D1AC9660486D14A00FE50C9 /* Resources */ = {
			isa = PBXResourcesBuildPhase;
			buildActionMask = 2147483647;
			files = (
				E1344BFB074113C200E50213 /* QSChronoTrigger.nib in Resources */,
				7FF791410865B5E6001A0F63 /* QSChronoTriggersRestrict.nib in Resources */,
			);
			runOnlyForDeploymentPostprocessing = 0;
		};
/* End PBXResourcesBuildPhase section */

/* Begin PBXShellScriptBuildPhase section */
		E1022B2806B3475D00299BEC /* ShellScript */ = {
			isa = PBXShellScriptBuildPhase;
			buildActionMask = 8;
			files = (
			);
			inputPaths = (
			);
			outputPaths = (
			);
			runOnlyForDeploymentPostprocessing = 1;
			shellPath = /bin/sh;
			shellScript = "$SRCROOT/bltrversion $INFOPLIST_FILE";
		};
/* End PBXShellScriptBuildPhase section */

/* Begin PBXSourcesBuildPhase section */
		8D1AC96A0486D14A00FE50C9 /* Sources */ = {
			isa = PBXSourcesBuildPhase;
			buildActionMask = 2147483647;
			files = (
				E1EAB046068128A200774DFF /* QSChronoTriggersPlugIn.m in Sources */,
			);
			runOnlyForDeploymentPostprocessing = 0;
		};
/* End PBXSourcesBuildPhase section */

/* Begin XCBuildConfiguration section */
		7F07AF68085E432C00E2AFC4 /* Release */ = {
			isa = XCBuildConfiguration;
			baseConfigurationReference = 14E61AD510CFDDCA007663EE /* QSPlugIn_Release.xcconfig */;
			buildSettings = {
				PRODUCT_NAME = "Time Triggers";
				ZERO_LINK = NO;
			};
			name = Release;
		};
		7F07AF6C085E432C00E2AFC4 /* Release */ = {
			isa = XCBuildConfiguration;
			baseConfigurationReference = 14E61AD710CFDDCA007663EE /* Release.xcconfig */;
			buildSettings = {
			};
			name = Release;
		};
/* End XCBuildConfiguration section */

/* Begin XCConfigurationList section */
		7F07AF66085E432C00E2AFC4 /* Build configuration list for PBXNativeTarget "Chrono Triggers" */ = {
			isa = XCConfigurationList;
			buildConfigurations = (
				7F07AF68085E432C00E2AFC4 /* Release */,
			);
			defaultConfigurationIsVisible = 0;
			defaultConfigurationName = Release;
		};
		7F07AF6A085E432C00E2AFC4 /* Build configuration list for PBXProject "QSChronoTriggersPlugIn" */ = {
			isa = XCConfigurationList;
			buildConfigurations = (
				7F07AF6C085E432C00E2AFC4 /* Release */,
			);
			defaultConfigurationIsVisible = 0;
			defaultConfigurationName = Release;
		};
/* End XCConfigurationList section */
	};
	rootObject = 0259C573FE90428111CA0C5A /* Project object */;
}
