// !$*UTF8*$!
{
	archiveVersion = 1;
	classes = {
	};
	objectVersion = 42;
	objects = {

/* Begin PBXBuildFile section */
		5840455D06C11FE400D22F17 /* ActionNames.strings in Resources */ = {isa = PBXBuildFile; fileRef = 5840455B06C11FE400D22F17 /* ActionNames.strings */; };
		5840456106C11FFB00D22F17 /* InfoPlist.strings in Resources */ = {isa = PBXBuildFile; fileRef = 5840455F06C11FFB00D22F17 /* InfoPlist.strings */; };
		58F08D67079C58610029C8DE /* Info.rtf in Resources */ = {isa = PBXBuildFile; fileRef = 58F08D66079C58610029C8DE /* Info.rtf */; };
		58F0935A079C777D0029C8DE /* SpellcheckActionProvider.h in Resources */ = {isa = PBXBuildFile; fileRef = 58F09359079C777D0029C8DE /* SpellcheckActionProvider.h */; };
		58F0935C079C77840029C8DE /* SpellcheckActionProvider.m in Sources */ = {isa = PBXBuildFile; fileRef = 58F0935B079C77840029C8DE /* SpellcheckActionProvider.m */; };
		58F09368079C78080029C8DE /* SpellcheckAction_Prefix.pch in Resources */ = {isa = PBXBuildFile; fileRef = 58F09367079C78080029C8DE /* SpellcheckAction_Prefix.pch */; };
		8D1AC9700486D14A00FE50C9 /* Cocoa.framework in Frameworks */ = {isa = PBXBuildFile; fileRef = DD92D38A0106425D02CA0E72 /* Cocoa.framework */; };
		E1022AE906B3469300299BEC /* QSCore.framework in Frameworks */ = {isa = PBXBuildFile; fileRef = E1022AE706B3469300299BEC /* QSCore.framework */; };
		E1022AEA06B3469300299BEC /* QSInterface.framework in Frameworks */ = {isa = PBXBuildFile; fileRef = E1022AE806B3469300299BEC /* QSInterface.framework */; };
/* End PBXBuildFile section */

/* Begin PBXFileReference section */
		14E2994810D119FC00DCC5F2 /* Common.xcconfig */ = {isa = PBXFileReference; fileEncoding = 4; lastKnownFileType = text.xcconfig; path = Common.xcconfig; sourceTree = "<group>"; };
		14E2994910D119FC00DCC5F2 /* Debug.xcconfig */ = {isa = PBXFileReference; fileEncoding = 4; lastKnownFileType = text.xcconfig; path = Debug.xcconfig; sourceTree = "<group>"; };
		14E2994A10D119FC00DCC5F2 /* Developer.xcconfig */ = {isa = PBXFileReference; fileEncoding = 4; lastKnownFileType = text.xcconfig; path = Developer.xcconfig; sourceTree = "<group>"; };
		14E2994B10D119FC00DCC5F2 /* QSPlugIn_Debug.xcconfig */ = {isa = PBXFileReference; fileEncoding = 4; lastKnownFileType = text.xcconfig; path = QSPlugIn_Debug.xcconfig; sourceTree = "<group>"; };
		14E2994C10D119FC00DCC5F2 /* QSPlugIn_Prefix.pch */ = {isa = PBXFileReference; fileEncoding = 4; lastKnownFileType = sourcecode.c.h; path = QSPlugIn_Prefix.pch; sourceTree = "<group>"; };
		14E2994D10D119FC00DCC5F2 /* QSPlugIn_Release.xcconfig */ = {isa = PBXFileReference; fileEncoding = 4; lastKnownFileType = text.xcconfig; path = QSPlugIn_Release.xcconfig; sourceTree = "<group>"; };
		14E2994E10D119FC00DCC5F2 /* QSPlugIn.xcconfig */ = {isa = PBXFileReference; fileEncoding = 4; lastKnownFileType = text.xcconfig; path = QSPlugIn.xcconfig; sourceTree = "<group>"; };
		14E2994F10D119FC00DCC5F2 /* Release.xcconfig */ = {isa = PBXFileReference; fileEncoding = 4; lastKnownFileType = text.xcconfig; path = Release.xcconfig; sourceTree = "<group>"; };
		5840455C06C11FE400D22F17 /* English */ = {isa = PBXFileReference; fileEncoding = 30; lastKnownFileType = text.plist.strings; name = English; path = English.lproj/ActionNames.strings; sourceTree = "<group>"; };
		5840456006C11FFB00D22F17 /* English */ = {isa = PBXFileReference; fileEncoding = 30; lastKnownFileType = text.plist.strings; name = English; path = English.lproj/InfoPlist.strings; sourceTree = "<group>"; };
		58F08D66079C58610029C8DE /* Info.rtf */ = {isa = PBXFileReference; lastKnownFileType = text.rtf; path = Info.rtf; sourceTree = "<group>"; };
		58F09359079C777D0029C8DE /* SpellcheckActionProvider.h */ = {isa = PBXFileReference; fileEncoding = 30; lastKnownFileType = sourcecode.c.h; path = SpellcheckActionProvider.h; sourceTree = "<group>"; };
		58F0935B079C77840029C8DE /* SpellcheckActionProvider.m */ = {isa = PBXFileReference; fileEncoding = 30; lastKnownFileType = sourcecode.c.objc; path = SpellcheckActionProvider.m; sourceTree = "<group>"; };
		58F09367079C78080029C8DE /* SpellcheckAction_Prefix.pch */ = {isa = PBXFileReference; fileEncoding = 30; lastKnownFileType = sourcecode.c.h; path = SpellcheckAction_Prefix.pch; sourceTree = "<group>"; };
		8D1AC9730486D14A00FE50C9 /* Info.plist */ = {isa = PBXFileReference; fileEncoding = 4; lastKnownFileType = text.plist; path = Info.plist; sourceTree = "<group>"; };
		8D1AC9740486D14A00FE50C9 /* Spellcheck Action.qsplugin */ = {isa = PBXFileReference; explicitFileType = wrapper.cfbundle; includeInIndex = 0; path = "Spellcheck Action.qsplugin"; sourceTree = BUILT_PRODUCTS_DIR; };
		DD92D38A0106425D02CA0E72 /* Cocoa.framework */ = {isa = PBXFileReference; lastKnownFileType = wrapper.framework; name = Cocoa.framework; path = /System/Library/Frameworks/Cocoa.framework; sourceTree = "<absolute>"; };
		E1022AE706B3469300299BEC /* QSCore.framework */ = {isa = PBXFileReference; lastKnownFileType = wrapper.framework; name = QSCore.framework; path = /Applications/Quicksilver.app/Contents/Frameworks/QSCore.framework; sourceTree = "<absolute>"; };
		E1022AE806B3469300299BEC /* QSInterface.framework */ = {isa = PBXFileReference; lastKnownFileType = wrapper.framework; name = QSInterface.framework; path = /Applications/Quicksilver.app/Contents/Frameworks/QSInterface.framework; sourceTree = "<absolute>"; };
/* End PBXFileReference section */

/* Begin PBXFrameworksBuildPhase section */
		8D1AC96E0486D14A00FE50C9 /* Frameworks */ = {
			isa = PBXFrameworksBuildPhase;
			buildActionMask = 2147483647;
			files = (
				8D1AC9700486D14A00FE50C9 /* Cocoa.framework in Frameworks */,
				E1022AE906B3469300299BEC /* QSCore.framework in Frameworks */,
				E1022AEA06B3469300299BEC /* QSInterface.framework in Frameworks */,
			);
			runOnlyForDeploymentPostprocessing = 0;
		};
/* End PBXFrameworksBuildPhase section */

/* Begin PBXGroup section */
		0259C574FE90428111CA0C5A /* TKDesktopModule */ = {
			isa = PBXGroup;
			children = (
				14E2993D10D119D200DCC5F2 /* Configuration */,
				32DBCF9E0370C38000C91783 /* Classes */,
				32DBCF9F0370C38200C91783 /* Other Sources */,
				E1127F960695F44F008AE6A3 /* Templates */,
				0259C582FE90428111CA0C5A /* Resources */,
				1ED78706FE9D4A0611CA0C5A /* Products */,
				2E58F364FFB232C311CA0CBA /* Frameworks */,
			);
			name = TKDesktopModule;
			sourceTree = "<group>";
		};
		0259C582FE90428111CA0C5A /* Resources */ = {
			isa = PBXGroup;
			children = (
				58F08D66079C58610029C8DE /* Info.rtf */,
				5840455F06C11FFB00D22F17 /* InfoPlist.strings */,
				5840455B06C11FE400D22F17 /* ActionNames.strings */,
				8D1AC9730486D14A00FE50C9 /* Info.plist */,
			);
			name = Resources;
			sourceTree = "<group>";
		};
		14E2993D10D119D200DCC5F2 /* Configuration */ = {
			isa = PBXGroup;
			children = (
				14E2994810D119FC00DCC5F2 /* Common.xcconfig */,
				14E2994910D119FC00DCC5F2 /* Debug.xcconfig */,
				14E2994A10D119FC00DCC5F2 /* Developer.xcconfig */,
				14E2994B10D119FC00DCC5F2 /* QSPlugIn_Debug.xcconfig */,
				14E2994C10D119FC00DCC5F2 /* QSPlugIn_Prefix.pch */,
				14E2994D10D119FC00DCC5F2 /* QSPlugIn_Release.xcconfig */,
				14E2994E10D119FC00DCC5F2 /* QSPlugIn.xcconfig */,
				14E2994F10D119FC00DCC5F2 /* Release.xcconfig */,
			);
			path = Configuration;
			sourceTree = QS_SOURCE_ROOT;
		};
		1ED78706FE9D4A0611CA0C5A /* Products */ = {
			isa = PBXGroup;
			children = (
				8D1AC9740486D14A00FE50C9 /* Spellcheck Action.qsplugin */,
			);
			name = Products;
			sourceTree = "<group>";
		};
		2E58F364FFB232C311CA0CBA /* Frameworks */ = {
			isa = PBXGroup;
			children = (
				E1022AE706B3469300299BEC /* QSCore.framework */,
				E1022AE806B3469300299BEC /* QSInterface.framework */,
				DD92D38A0106425D02CA0E72 /* Cocoa.framework */,
			);
			name = Frameworks;
			sourceTree = "<group>";
		};
		32DBCF9E0370C38000C91783 /* Classes */ = {
			isa = PBXGroup;
			children = (
				58F0935B079C77840029C8DE /* SpellcheckActionProvider.m */,
				58F09359079C777D0029C8DE /* SpellcheckActionProvider.h */,
			);
			name = Classes;
			sourceTree = "<group>";
		};
		32DBCF9F0370C38200C91783 /* Other Sources */ = {
			isa = PBXGroup;
			children = (
				58F09367079C78080029C8DE /* SpellcheckAction_Prefix.pch */,
			);
			name = "Other Sources";
			sourceTree = "<group>";
		};
		E1127F960695F44F008AE6A3 /* Templates */ = {
			isa = PBXGroup;
			children = (
			);
			name = Templates;
			sourceTree = "<group>";
		};
/* End PBXGroup section */

/* Begin PBXNativeTarget section */
		8D1AC9600486D14A00FE50C9 /* Spellcheck Action */ = {
			isa = PBXNativeTarget;
			buildConfigurationList = 14E2993F10D119D200DCC5F2 /* Build configuration list for PBXNativeTarget "Spellcheck Action" */;
			buildPhases = (
				8D1AC9660486D14A00FE50C9 /* Resources */,
				8D1AC96A0486D14A00FE50C9 /* Sources */,
				8D1AC96E0486D14A00FE50C9 /* Frameworks */,
				E1022B2806B3475D00299BEC /* ShellScript */,
			);
			buildRules = (
			);
			dependencies = (
			);
			name = "Spellcheck Action";
			productInstallPath = "$(HOME)/Developer/Palettes";
			productName = TKDesktopModule;
			productReference = 8D1AC9740486D14A00FE50C9 /* Spellcheck Action.qsplugin */;
			productType = "com.apple.product-type.bundle";
		};
/* End PBXNativeTarget section */

/* Begin PBXProject section */
		0259C573FE90428111CA0C5A /* Project object */ = {
			isa = PBXProject;
			buildConfigurationList = 14E2993E10D119D200DCC5F2 /* Build configuration list for PBXProject "Spellcheck Action" */;
			compatibilityVersion = "Xcode 2.4";
			hasScannedForEncodings = 1;
			mainGroup = 0259C574FE90428111CA0C5A /* TKDesktopModule */;
			projectDirPath = "";
			projectRoot = "";
			targets = (
				8D1AC9600486D14A00FE50C9 /* Spellcheck Action */,
			);
		};
/* End PBXProject section */

/* Begin PBXResourcesBuildPhase section */
		8D1AC9660486D14A00FE50C9 /* Resources */ = {
			isa = PBXResourcesBuildPhase;
			buildActionMask = 2147483647;
			files = (
				5840455D06C11FE400D22F17 /* ActionNames.strings in Resources */,
				5840456106C11FFB00D22F17 /* InfoPlist.strings in Resources */,
				58F08D67079C58610029C8DE /* Info.rtf in Resources */,
				58F0935A079C777D0029C8DE /* SpellcheckActionProvider.h in Resources */,
				58F09368079C78080029C8DE /* SpellcheckAction_Prefix.pch in Resources */,
			);
			runOnlyForDeploymentPostprocessing = 0;
		};
/* End PBXResourcesBuildPhase section */

/* Begin PBXShellScriptBuildPhase section */
		E1022B2806B3475D00299BEC /* ShellScript */ = {
			isa = PBXShellScriptBuildPhase;
			buildActionMask = 8;
			files = (
			);
			inputPaths = (
			);
			outputPaths = (
			);
			runOnlyForDeploymentPostprocessing = 1;
			shellPath = /bin/sh;
			shellScript = "\"$SRCROOT/bltrversion\" \"$INFOPLIST_FILE\"";
		};
/* End PBXShellScriptBuildPhase section */

/* Begin PBXSourcesBuildPhase section */
		8D1AC96A0486D14A00FE50C9 /* Sources */ = {
			isa = PBXSourcesBuildPhase;
			buildActionMask = 2147483647;
			files = (
				58F0935C079C77840029C8DE /* SpellcheckActionProvider.m in Sources */,
			);
			runOnlyForDeploymentPostprocessing = 0;
		};
/* End PBXSourcesBuildPhase section */

/* Begin PBXVariantGroup section */
		5840455B06C11FE400D22F17 /* ActionNames.strings */ = {
			isa = PBXVariantGroup;
			children = (
				5840455C06C11FE400D22F17 /* English */,
			);
			name = ActionNames.strings;
			sourceTree = "<group>";
		};
		5840455F06C11FFB00D22F17 /* InfoPlist.strings */ = {
			isa = PBXVariantGroup;
			children = (
				5840456006C11FFB00D22F17 /* English */,
			);
			name = InfoPlist.strings;
			sourceTree = "<group>";
		};
/* End PBXVariantGroup section */

/* Begin XCBuildConfiguration section */
		14E2991510D1199100DCC5F2 /* Debug */ = {
			isa = XCBuildConfiguration;
			baseConfigurationReference = 14E2994910D119FC00DCC5F2 /* Debug.xcconfig */;
			buildSettings = {
			};
			name = Debug;
		};
		14E2991610D1199100DCC5F2 /* Release */ = {
			isa = XCBuildConfiguration;
			baseConfigurationReference = 14E2994F10D119FC00DCC5F2 /* Release.xcconfig */;
			buildSettings = {
			};
			name = Release;
		};
		14E2991810D1199100DCC5F2 /* Debug */ = {
			isa = XCBuildConfiguration;
			baseConfigurationReference = 14E2994B10D119FC00DCC5F2 /* QSPlugIn_Debug.xcconfig */;
			buildSettings = {
				OTHER_LDFLAGS = "-bundle";
				PRODUCT_NAME = "Spellcheck Action";
				ZERO_LINK = YES;
			};
			name = Debug;
		};
		14E2991910D1199100DCC5F2 /* Release */ = {
			isa = XCBuildConfiguration;
			baseConfigurationReference = 14E2994D10D119FC00DCC5F2 /* QSPlugIn_Release.xcconfig */;
			buildSettings = {
				OTHER_LDFLAGS = "-bundle";
				PRODUCT_NAME = "Spellcheck Action";
				ZERO_LINK = NO;
			};
			name = Release;
		};
/* End XCBuildConfiguration section */

/* Begin XCConfigurationList section */
		14E2993E10D119D200DCC5F2 /* Build configuration list for PBXProject "Spellcheck Action" */ = {
			isa = XCConfigurationList;
			buildConfigurations = (
				14E2991510D1199100DCC5F2 /* Debug */,
				14E2991610D1199100DCC5F2 /* Release */,
			);
			defaultConfigurationIsVisible = 0;
			defaultConfigurationName = Debug;
		};
		14E2993F10D119D200DCC5F2 /* Build configuration list for PBXNativeTarget "Spellcheck Action" */ = {
			isa = XCConfigurationList;
			buildConfigurations = (
				14E2991810D1199100DCC5F2 /* Debug */,
				14E2991910D1199100DCC5F2 /* Release */,
			);
			defaultConfigurationIsVisible = 0;
			defaultConfigurationName = Debug;
		};
/* End XCConfigurationList section */
	};
	rootObject = 0259C573FE90428111CA0C5A /* Project object */;
}
