// !$*UTF8*$!
{
	archiveVersion = 1;
	classes = {
	};
	objectVersion = 42;
	objects = {

/* Begin PBXBuildFile section */
		14E29B0F10D122E000DCC5F2 /* QSCore.framework in Frameworks */ = {isa = PBXBuildFile; fileRef = 14E29AC510D122D600DCC5F2 /* QSCore.framework */; };
		7F2819BD0BFC1D9700EFCE79 /* QSXcodePlugIn.m in Sources */ = {isa = PBXBuildFile; fileRef = E1EAB045068128A200774DFF /* QSXcodePlugIn.m */; };
		7F2819BE0BFC1D9700EFCE79 /* QSXcodePlugInAction.m in Sources */ = {isa = PBXBuildFile; fileRef = 7FE89267085CEC8A0016C421 /* QSXcodePlugInAction.m */; };
		7F2819BF0BFC1D9700EFCE79 /* QSXcodePlugInSource.m in Sources */ = {isa = PBXBuildFile; fileRef = 7FE89269085CEC8A0016C421 /* QSXcodePlugInSource.m */; };
		7F2819C10BFC1D9700EFCE79 /* Cocoa.framework in Frameworks */ = {isa = PBXBuildFile; fileRef = DD92D38A0106425D02CA0E72 /* Cocoa.framework */; };
		7F7EB6410BFEC2F800AFDF2C /* element.xml in Resources */ = {isa = PBXBuildFile; fileRef = 7F7EB6400BFEC2F800AFDF2C /* element.xml */; };
/* End PBXBuildFile section */

/* Begin PBXFileReference section */
		14E29AA810D1219C00DCC5F2 /* Common.xcconfig */ = {isa = PBXFileReference; fileEncoding = 4; lastKnownFileType = text.xcconfig; path = Common.xcconfig; sourceTree = "<group>"; };
		14E29AA910D1219C00DCC5F2 /* Debug.xcconfig */ = {isa = PBXFileReference; fileEncoding = 4; lastKnownFileType = text.xcconfig; path = Debug.xcconfig; sourceTree = "<group>"; };
		14E29AAA10D1219C00DCC5F2 /* Developer.xcconfig */ = {isa = PBXFileReference; fileEncoding = 4; lastKnownFileType = text.xcconfig; path = Developer.xcconfig; sourceTree = "<group>"; };
		14E29AAB10D1219C00DCC5F2 /* QSPlugIn_Debug.xcconfig */ = {isa = PBXFileReference; fileEncoding = 4; lastKnownFileType = text.xcconfig; path = QSPlugIn_Debug.xcconfig; sourceTree = "<group>"; };
		14E29AAC10D1219C00DCC5F2 /* QSPlugIn_Prefix.pch */ = {isa = PBXFileReference; fileEncoding = 4; lastKnownFileType = sourcecode.c.h; path = QSPlugIn_Prefix.pch; sourceTree = "<group>"; };
		14E29AAD10D1219C00DCC5F2 /* QSPlugIn_Release.xcconfig */ = {isa = PBXFileReference; fileEncoding = 4; lastKnownFileType = text.xcconfig; path = QSPlugIn_Release.xcconfig; sourceTree = "<group>"; };
		14E29AAE10D1219C00DCC5F2 /* QSPlugIn.xcconfig */ = {isa = PBXFileReference; fileEncoding = 4; lastKnownFileType = text.xcconfig; path = QSPlugIn.xcconfig; sourceTree = "<group>"; };
		14E29AAF10D1219C00DCC5F2 /* Release.xcconfig */ = {isa = PBXFileReference; fileEncoding = 4; lastKnownFileType = text.xcconfig; path = Release.xcconfig; sourceTree = "<group>"; };
		14E29AC510D122D600DCC5F2 /* QSCore.framework */ = {isa = PBXFileReference; lastKnownFileType = wrapper.framework; name = QSCore.framework; path = /Applications/Quicksilver.app/Contents/Frameworks/QSCore.framework; sourceTree = "<absolute>"; };
		32DBCF980370C29C00C91783 /* QSXcodePlugIn_Prefix.pch */ = {isa = PBXFileReference; fileEncoding = 4; lastKnownFileType = sourcecode.c.h; path = QSXcodePlugIn_Prefix.pch; sourceTree = "<group>"; };
		7F2819C80BFC1D9700EFCE79 /* Xcode Module.qsplugin */ = {isa = PBXFileReference; explicitFileType = wrapper.cfbundle; includeInIndex = 0; path = "Xcode Module.qsplugin"; sourceTree = BUILT_PRODUCTS_DIR; };
		7F2819C90BFC1D9700EFCE79 /* Info copy.plist */ = {isa = PBXFileReference; lastKnownFileType = text.plist.xml; path = "Info copy.plist"; sourceTree = "<group>"; };
		7F35FF3D07F9ACD90056051D /* QSEffects.framework */ = {isa = PBXFileReference; lastKnownFileType = wrapper.framework; path = QSEffects.framework; sourceTree = QSFrameworks; };
		7F35FF3F07F9ACD90056051D /* QSInterface.framework */ = {isa = PBXFileReference; lastKnownFileType = wrapper.framework; path = QSInterface.framework; sourceTree = QSFrameworks; };
		7F7EB6400BFEC2F800AFDF2C /* element.xml */ = {isa = PBXFileReference; fileEncoding = 30; lastKnownFileType = text.xml; path = element.xml; sourceTree = "<group>"; };
		7FE89266085CEC8A0016C421 /* QSXcodePlugInAction.h */ = {isa = PBXFileReference; fileEncoding = 30; lastKnownFileType = sourcecode.c.h; path = QSXcodePlugInAction.h; sourceTree = "<group>"; };
		7FE89267085CEC8A0016C421 /* QSXcodePlugInAction.m */ = {isa = PBXFileReference; fileEncoding = 30; lastKnownFileType = sourcecode.c.objc; path = QSXcodePlugInAction.m; sourceTree = "<group>"; };
		7FE89268085CEC8A0016C421 /* QSXcodePlugInSource.h */ = {isa = PBXFileReference; fileEncoding = 30; lastKnownFileType = sourcecode.c.h; path = QSXcodePlugInSource.h; sourceTree = "<group>"; };
		7FE89269085CEC8A0016C421 /* QSXcodePlugInSource.m */ = {isa = PBXFileReference; fileEncoding = 30; lastKnownFileType = sourcecode.c.objc; path = QSXcodePlugInSource.m; sourceTree = "<group>"; };
		8D1AC9730486D14A00FE50C9 /* Info.plist */ = {isa = PBXFileReference; fileEncoding = 4; lastKnownFileType = text.plist; path = Info.plist; sourceTree = "<group>"; };
		DD92D38A0106425D02CA0E72 /* Cocoa.framework */ = {isa = PBXFileReference; lastKnownFileType = wrapper.framework; name = Cocoa.framework; path = /System/Library/Frameworks/Cocoa.framework; sourceTree = "<absolute>"; };
		E1EAB045068128A200774DFF /* QSXcodePlugIn.m */ = {isa = PBXFileReference; fileEncoding = 30; lastKnownFileType = sourcecode.c.objc; path = QSXcodePlugIn.m; sourceTree = "<group>"; };
		E1EAB047068128A800774DFF /* QSXcodePlugIn.h */ = {isa = PBXFileReference; fileEncoding = 30; lastKnownFileType = sourcecode.c.h; path = QSXcodePlugIn.h; sourceTree = "<group>"; };
/* End PBXFileReference section */

/* Begin PBXFrameworksBuildPhase section */
		7F2819C00BFC1D9700EFCE79 /* Frameworks */ = {
			isa = PBXFrameworksBuildPhase;
			buildActionMask = 2147483647;
			files = (
				7F2819C10BFC1D9700EFCE79 /* Cocoa.framework in Frameworks */,
				14E29B0F10D122E000DCC5F2 /* QSCore.framework in Frameworks */,
			);
			runOnlyForDeploymentPostprocessing = 0;
		};
/* End PBXFrameworksBuildPhase section */

/* Begin PBXGroup section */
		0259C574FE90428111CA0C5A /* QSXcodePlugIn */ = {
			isa = PBXGroup;
			children = (
				7F69A15C0D1F06A600D5C99E /* Configuration */,
				32DBCF9E0370C38000C91783 /* Classes */,
				32DBCF9F0370C38200C91783 /* Other Sources */,
				0259C582FE90428111CA0C5A /* Resources */,
				1ED78706FE9D4A0611CA0C5A /* Products */,
				2E58F364FFB232C311CA0CBA /* Frameworks */,
			);
			name = QSXcodePlugIn;
			sourceTree = "<group>";
		};
		0259C582FE90428111CA0C5A /* Resources */ = {
			isa = PBXGroup;
			children = (
				7F7EB6400BFEC2F800AFDF2C /* element.xml */,
				8D1AC9730486D14A00FE50C9 /* Info.plist */,
				7F2819C90BFC1D9700EFCE79 /* Info copy.plist */,
			);
			name = Resources;
			sourceTree = "<group>";
		};
		1ED78706FE9D4A0611CA0C5A /* Products */ = {
			isa = PBXGroup;
			children = (
				7F2819C80BFC1D9700EFCE79 /* Xcode Module.qsplugin */,
			);
			name = Products;
			sourceTree = "<group>";
		};
		2E58F364FFB232C311CA0CBA /* Frameworks */ = {
			isa = PBXGroup;
			children = (
				14E29AC510D122D600DCC5F2 /* QSCore.framework */,
				DD92D38A0106425D02CA0E72 /* Cocoa.framework */,
				7FC20C8107FB741700FDD3CA /* Other Frameworks */,
			);
			name = Frameworks;
			sourceTree = "<group>";
		};
		32DBCF9E0370C38000C91783 /* Classes */ = {
			isa = PBXGroup;
			children = (
				E1EAB047068128A800774DFF /* QSXcodePlugIn.h */,
				E1EAB045068128A200774DFF /* QSXcodePlugIn.m */,
				7FE89266085CEC8A0016C421 /* QSXcodePlugInAction.h */,
				7FE89267085CEC8A0016C421 /* QSXcodePlugInAction.m */,
				7FE89268085CEC8A0016C421 /* QSXcodePlugInSource.h */,
				7FE89269085CEC8A0016C421 /* QSXcodePlugInSource.m */,
			);
			name = Classes;
			sourceTree = "<group>";
		};
		32DBCF9F0370C38200C91783 /* Other Sources */ = {
			isa = PBXGroup;
			children = (
				32DBCF980370C29C00C91783 /* QSXcodePlugIn_Prefix.pch */,
			);
			name = "Other Sources";
			sourceTree = "<group>";
		};
		7F69A15C0D1F06A600D5C99E /* Configuration */ = {
			isa = PBXGroup;
			children = (
				14E29AA810D1219C00DCC5F2 /* Common.xcconfig */,
				14E29AA910D1219C00DCC5F2 /* Debug.xcconfig */,
				14E29AAA10D1219C00DCC5F2 /* Developer.xcconfig */,
				14E29AAB10D1219C00DCC5F2 /* QSPlugIn_Debug.xcconfig */,
				14E29AAC10D1219C00DCC5F2 /* QSPlugIn_Prefix.pch */,
				14E29AAD10D1219C00DCC5F2 /* QSPlugIn_Release.xcconfig */,
				14E29AAE10D1219C00DCC5F2 /* QSPlugIn.xcconfig */,
				14E29AAF10D1219C00DCC5F2 /* Release.xcconfig */,
			);
			path = Configuration;
			sourceTree = QS_SOURCE_ROOT;
		};
		7FC20C8107FB741700FDD3CA /* Other Frameworks */ = {
			isa = PBXGroup;
			children = (
				7F35FF3D07F9ACD90056051D /* QSEffects.framework */,
				7F35FF3F07F9ACD90056051D /* QSInterface.framework */,
			);
			name = "Other Frameworks";
			sourceTree = "<group>";
		};
/* End PBXGroup section */

/* Begin PBXNativeTarget section */
		7F2819B90BFC1D9700EFCE79 /* Xcode */ = {
			isa = PBXNativeTarget;
			buildConfigurationList = 7F2819C50BFC1D9700EFCE79 /* Build configuration list for PBXNativeTarget "Xcode" */;
			buildPhases = (
				7F2819BA0BFC1D9700EFCE79 /* Resources */,
				7F2819BC0BFC1D9700EFCE79 /* Sources */,
				7F2819C00BFC1D9700EFCE79 /* Frameworks */,
				7F2819C40BFC1D9700EFCE79 /* ShellScript */,
			);
			buildRules = (
			);
			dependencies = (
			);
			name = Xcode;
			productInstallPath = "$(HOME)/Developer/Palettes";
			productName = QSXcodePlugIn;
			productReference = 7F2819C80BFC1D9700EFCE79 /* Xcode Module.qsplugin */;
			productType = "com.apple.product-type.bundle";
		};
/* End PBXNativeTarget section */

/* Begin PBXProject section */
		0259C573FE90428111CA0C5A /* Project object */ = {
			isa = PBXProject;
			buildConfigurationList = 7F6B3EEF085CE8DF000735A8 /* Build configuration list for PBXProject "XcodeElement" */;
			compatibilityVersion = "Xcode 2.4";
			hasScannedForEncodings = 1;
			mainGroup = 0259C574FE90428111CA0C5A /* QSXcodePlugIn */;
			projectDirPath = "";
			projectRoot = "";
			targets = (
				7F2819B90BFC1D9700EFCE79 /* Xcode */,
			);
		};
/* End PBXProject section */

/* Begin PBXResourcesBuildPhase section */
		7F2819BA0BFC1D9700EFCE79 /* Resources */ = {
			isa = PBXResourcesBuildPhase;
			buildActionMask = 2147483647;
			files = (
				7F7EB6410BFEC2F800AFDF2C /* element.xml in Resources */,
			);
			runOnlyForDeploymentPostprocessing = 0;
		};
/* End PBXResourcesBuildPhase section */

/* Begin PBXShellScriptBuildPhase section */
		7F2819C40BFC1D9700EFCE79 /* ShellScript */ = {
			isa = PBXShellScriptBuildPhase;
			buildActionMask = 8;
			files = (
			);
			inputPaths = (
			);
			outputPaths = (
			);
			runOnlyForDeploymentPostprocessing = 1;
			shellPath = /bin/sh;
			shellScript = "$SRCROOT/bltrversion $INFOPLIST_FILE";
		};
/* End PBXShellScriptBuildPhase section */

/* Begin PBXSourcesBuildPhase section */
		7F2819BC0BFC1D9700EFCE79 /* Sources */ = {
			isa = PBXSourcesBuildPhase;
			buildActionMask = 2147483647;
			files = (
				7F2819BD0BFC1D9700EFCE79 /* QSXcodePlugIn.m in Sources */,
				7F2819BE0BFC1D9700EFCE79 /* QSXcodePlugInAction.m in Sources */,
				7F2819BF0BFC1D9700EFCE79 /* QSXcodePlugInSource.m in Sources */,
			);
			runOnlyForDeploymentPostprocessing = 0;
		};
/* End PBXSourcesBuildPhase section */

/* Begin XCBuildConfiguration section */
		7F2819C60BFC1D9700EFCE79 /* Debug */ = {
			isa = XCBuildConfiguration;
			baseConfigurationReference = 14E29AAB10D1219C00DCC5F2 /* QSPlugIn_Debug.xcconfig */;
			buildSettings = {
				FRAMEWORK_SEARCH_PATHS = (
					"$(inherited)",
					"$(FRAMEWORK_SEARCH_PATHS_QUOTED_FOR_TARGET_1)",
				);
				FRAMEWORK_SEARCH_PATHS_QUOTED_FOR_TARGET_1 = "\"$(SYSTEM_APPS_DIR)/Quicksilver.app/Contents/Frameworks\"";
				OTHER_LDFLAGS = "-bundle";
				PRODUCT_NAME = "Xcode Module";
				ZERO_LINK = YES;
			};
			name = Debug;
		};
		7F2819C70BFC1D9700EFCE79 /* Release */ = {
			isa = XCBuildConfiguration;
			baseConfigurationReference = 14E29AAD10D1219C00DCC5F2 /* QSPlugIn_Release.xcconfig */;
			buildSettings = {
				FRAMEWORK_SEARCH_PATHS = (
					"$(inherited)",
					"$(FRAMEWORK_SEARCH_PATHS_QUOTED_FOR_TARGET_1)",
				);
				FRAMEWORK_SEARCH_PATHS_QUOTED_FOR_TARGET_1 = "\"$(SYSTEM_APPS_DIR)/Quicksilver.app/Contents/Frameworks\"";
				OTHER_LDFLAGS = "-bundle";
				PRODUCT_NAME = "Xcode Module";
				ZERO_LINK = NO;
			};
			name = Release;
		};
		7F6B3EF0085CE8DF000735A8 /* Debug */ = {
			isa = XCBuildConfiguration;
			baseConfigurationReference = 14E29AA910D1219C00DCC5F2 /* Debug.xcconfig */;
			buildSettings = {
			};
			name = Debug;
		};
		7F6B3EF1085CE8DF000735A8 /* Release */ = {
			isa = XCBuildConfiguration;
			baseConfigurationReference = 14E29AAF10D1219C00DCC5F2 /* Release.xcconfig */;
			buildSettings = {
			};
			name = Release;
		};
/* End XCBuildConfiguration section */

/* Begin XCConfigurationList section */
		7F2819C50BFC1D9700EFCE79 /* Build configuration list for PBXNativeTarget "Xcode" */ = {
			isa = XCConfigurationList;
			buildConfigurations = (
				7F2819C60BFC1D9700EFCE79 /* Debug */,
				7F2819C70BFC1D9700EFCE79 /* Release */,
			);
			defaultConfigurationIsVisible = 0;
			defaultConfigurationName = Debug;
		};
		7F6B3EEF085CE8DF000735A8 /* Build configuration list for PBXProject "XcodeElement" */ = {
			isa = XCConfigurationList;
			buildConfigurations = (
				7F6B3EF0085CE8DF000735A8 /* Debug */,
				7F6B3EF1085CE8DF000735A8 /* Release */,
			);
			defaultConfigurationIsVisible = 0;
			defaultConfigurationName = Debug;
		};
/* End XCConfigurationList section */
	};
	rootObject = 0259C573FE90428111CA0C5A /* Project object */;
}
