// !$*UTF8*$!
{
	archiveVersion = 1;
	classes = {
	};
	objectVersion = 39;
	objects = {
		0259C573FE90428111CA0C5A = {
			buildSettings = {
			};
			buildStyles = (
				2E58F360FFB2326E11CA0CBA,
				2E58F361FFB2326E11CA0CBA,
			);
			hasScannedForEncodings = 1;
			isa = PBXProject;
			mainGroup = 0259C574FE90428111CA0C5A;
			projectDirPath = "";
			targets = (
				8D1AC9600486D14A00FE50C9,
			);
		};
		0259C574FE90428111CA0C5A = {
			children = (
				32DBCF9E0370C38000C91783,
				32DBCF9F0370C38200C91783,
				0259C582FE90428111CA0C5A,
				1ED78706FE9D4A0611CA0C5A,
				2E58F364FFB232C311CA0CBA,
			);
			isa = PBXGroup;
			name = DictPlugin;
			refType = 4;
			sourceTree = "<group>";
		};
		0259C582FE90428111CA0C5A = {
			children = (
				0AB01F4A06CC52040073A3CD,
				8D1AC9730486D14A00FE50C9,
				0AD38B1706BD0F2E00F45CFC,
				0AD38B0506BD0E3B00F45CFC,
			);
			isa = PBXGroup;
			name = Resources;
			refType = 4;
			sourceTree = "<group>";
		};
//020
//021
//022
//023
//024
//0A0
//0A1
//0A2
//0A3
//0A4
		0A0F743F06BE934A00C0603C = {
			isa = PBXFileReference;
			lastKnownFileType = wrapper.framework;
			name = QSCore.framework;
			path = /Users/kevin/Dev/Quicksilver/QSCore.framework;
			refType = 0;
			sourceTree = "<absolute>";
		};
		0A0F744006BE934A00C0603C = {
			fileRef = 0A0F743F06BE934A00C0603C;
			isa = PBXBuildFile;
			settings = {
			};
		};
		0A0F747306BE934D00C0603C = {
			isa = PBXFileReference;
			lastKnownFileType = wrapper.framework;
			name = QSInterface.framework;
			path = /Users/kevin/Dev/Quicksilver/QSInterface.framework;
			refType = 0;
			sourceTree = "<absolute>";
		};
		0A0F747406BE934D00C0603C = {
			fileRef = 0A0F747306BE934D00C0603C;
			isa = PBXBuildFile;
			settings = {
			};
		};
		0A1D9C8D07377C390069C3C4 = {
			fileEncoding = 4;
			isa = PBXFileReference;
			lastKnownFileType = sourcecode.c.h;
			path = NSMutableStringAdditions.h;
			refType = 4;
			sourceTree = "<group>";
		};
		0A1D9C8E07377C390069C3C4 = {
			fileEncoding = 4;
			isa = PBXFileReference;
			lastKnownFileType = sourcecode.c.objc;
			path = NSMutableStringAdditions.m;
			refType = 4;
			sourceTree = "<group>";
		};
		0A1D9C8F07377C390069C3C4 = {
			fileRef = 0A1D9C8D07377C390069C3C4;
			isa = PBXBuildFile;
			settings = {
			};
		};
		0A1D9C9007377C390069C3C4 = {
			fileRef = 0A1D9C8E07377C390069C3C4;
			isa = PBXBuildFile;
			settings = {
			};
		};
		0AB01F4A06CC52040073A3CD = {
			isa = PBXFileReference;
			lastKnownFileType = text.rtf;
			path = Info.rtf;
			refType = 4;
			sourceTree = "<group>";
		};
		0AB01F4B06CC52040073A3CD = {
			fileRef = 0AB01F4A06CC52040073A3CD;
			isa = PBXBuildFile;
			settings = {
			};
		};
		0AD38B0506BD0E3B00F45CFC = {
			isa = PBXFileReference;
			lastKnownFileType = image.jpeg;
			path = dict.jpg;
			refType = 4;
			sourceTree = "<group>";
		};
		0AD38B1506BD0F2900F45CFC = {
			fileEncoding = 4;
			isa = PBXFileReference;
			lastKnownFileType = text.plist.strings;
			name = English;
			path = English.lproj/ActionNames.strings;
			refType = 4;
			sourceTree = "<group>";
		};
		0AD38B1706BD0F2E00F45CFC = {
			children = (
				0AD38B1506BD0F2900F45CFC,
			);
			isa = PBXVariantGroup;
			name = ActionNames.strings;
			refType = 4;
			sourceTree = "<group>";
		};
		0AD38B7306BD148C00F45CFC = {
			fileRef = 0AD38B1706BD0F2E00F45CFC;
			isa = PBXBuildFile;
			settings = {
			};
		};
		0AD38B7406BD148C00F45CFC = {
			fileRef = 0AD38B0506BD0E3B00F45CFC;
			isa = PBXBuildFile;
			settings = {
			};
		};
//0A0
//0A1
//0A2
//0A3
//0A4
//1E0
//1E1
//1E2
//1E3
//1E4
		1ED78706FE9D4A0611CA0C5A = {
			children = (
				8D1AC9740486D14A00FE50C9,
			);
			isa = PBXGroup;
			name = Products;
			refType = 4;
			sourceTree = "<group>";
		};
//1E0
//1E1
//1E2
//1E3
//1E4
//2E0
//2E1
//2E2
//2E3
//2E4
		2E58F360FFB2326E11CA0CBA = {
			buildSettings = {
				COPY_PHASE_STRIP = NO;
				GCC_DYNAMIC_NO_PIC = NO;
				GCC_ENABLE_FIX_AND_CONTINUE = YES;
				GCC_GENERATE_DEBUGGING_SYMBOLS = YES;
				GCC_OPTIMIZATION_LEVEL = 0;
				ZERO_LINK = YES;
			};
			isa = PBXBuildStyle;
			name = Development;
		};
		2E58F361FFB2326E11CA0CBA = {
			buildSettings = {
				COPY_PHASE_STRIP = YES;
				GCC_ENABLE_FIX_AND_CONTINUE = NO;
				ZERO_LINK = NO;
			};
			isa = PBXBuildStyle;
			name = Deployment;
		};
		2E58F364FFB232C311CA0CBA = {
			children = (
				0A0F743F06BE934A00C0603C,
				0A0F747306BE934D00C0603C,
				DD92D38A0106425D02CA0E72,
			);
			isa = PBXGroup;
			name = Frameworks;
			refType = 4;
			sourceTree = "<group>";
		};
//2E0
//2E1
//2E2
//2E3
//2E4
//320
//321
//322
//323
//324
		32DBCF980370C29C00C91783 = {
			fileEncoding = 4;
			isa = PBXFileReference;
			lastKnownFileType = sourcecode.c.h;
			path = DictPlugin_Prefix.pch;
			refType = 4;
			sourceTree = "<group>";
		};
		32DBCF9E0370C38000C91783 = {
			children = (
				E1EAB047068128A800774DFF,
				E1EAB045068128A200774DFF,
				0A1D9C8D07377C390069C3C4,
				0A1D9C8E07377C390069C3C4,
			);
			isa = PBXGroup;
			name = Classes;
			refType = 4;
			sourceTree = "<group>";
		};
		32DBCF9F0370C38200C91783 = {
			children = (
				32DBCF980370C29C00C91783,
			);
			isa = PBXGroup;
			name = "Other Sources";
			path = "";
			refType = 4;
			sourceTree = "<group>";
		};
//320
//321
//322
//323
//324
//8D0
//8D1
//8D2
//8D3
//8D4
		8D1AC9600486D14A00FE50C9 = {
			buildPhases = (
				8D1AC9660486D14A00FE50C9,
				8D1AC96A0486D14A00FE50C9,
				8D1AC96E0486D14A00FE50C9,
				E1022B2806B3475D00299BEC,
			);
			buildRules = (
			);
			buildSettings = {
				FRAMEWORK_SEARCH_PATHS = /Users/kevin/Dev/Quicksilver;
				GCC_GENERATE_DEBUGGING_SYMBOLS = NO;
				GCC_PRECOMPILE_PREFIX_HEADER = YES;
				GCC_PREFIX_HEADER = DictPlugin_Prefix.pch;
				INFOPLIST_FILE = Info.plist;
				OTHER_LDFLAGS = "-bundle";
				PRODUCT_NAME = DictPlugin;
				WRAPPER_EXTENSION = qsplugin;
			};
			dependencies = (
			);
			isa = PBXNativeTarget;
			name = DictPlugin;
			productInstallPath = "$(HOME)/Developer/Palettes";
			productName = DictPlugin;
			productReference = 8D1AC9740486D14A00FE50C9;
			productType = "com.apple.product-type.bundle";
		};
		8D1AC9660486D14A00FE50C9 = {
			buildActionMask = 2147483647;
			files = (
				0AD38B7306BD148C00F45CFC,
				0AD38B7406BD148C00F45CFC,
				0AB01F4B06CC52040073A3CD,
				0A1D9C8F07377C390069C3C4,
			);
			isa = PBXResourcesBuildPhase;
			runOnlyForDeploymentPostprocessing = 0;
		};
		8D1AC96A0486D14A00FE50C9 = {
			buildActionMask = 2147483647;
			files = (
				E1EAB046068128A200774DFF,
				0A1D9C9007377C390069C3C4,
			);
			isa = PBXSourcesBuildPhase;
			runOnlyForDeploymentPostprocessing = 0;
		};
		8D1AC96E0486D14A00FE50C9 = {
			buildActionMask = 2147483647;
			files = (
				8D1AC9700486D14A00FE50C9,
				0A0F744006BE934A00C0603C,
				0A0F747406BE934D00C0603C,
			);
			isa = PBXFrameworksBuildPhase;
			runOnlyForDeploymentPostprocessing = 0;
		};
		8D1AC9700486D14A00FE50C9 = {
			fileRef = DD92D38A0106425D02CA0E72;
			isa = PBXBuildFile;
			settings = {
			};
		};
		8D1AC9730486D14A00FE50C9 = {
			explicitFileType = text.xml;
			fileEncoding = 4;
			isa = PBXFileReference;
			path = "Info-Test.plist";
			refType = 4;
			sourceTree = "<group>";
		};
		8D1AC9740486D14A00FE50C9 = {
			explicitFileType = wrapper.cfbundle;
			includeInIndex = 0;
			isa = PBXFileReference;
			path = DictPlugin.qsplugin;
			refType = 3;
			sourceTree = BUILT_PRODUCTS_DIR;
		};
//8D0
//8D1
//8D2
//8D3
//8D4
//DD0
//DD1
//DD2
//DD3
//DD4
		DD92D38A0106425D02CA0E72 = {
			isa = PBXFileReference;
			lastKnownFileType = wrapper.framework;
			name = Cocoa.framework;
			path = /System/Library/Frameworks/Cocoa.framework;
			refType = 0;
			sourceTree = "<absolute>";
		};
//DD0
//DD1
//DD2
//DD3
//DD4
//E10
//E11
//E12
//E13
//E14
		E1022B2806B3475D00299BEC = {
			buildActionMask = 2147483647;
			files = (
			);
			inputPaths = (
			);
			isa = PBXShellScriptBuildPhase;
			outputPaths = (
			);
			runOnlyForDeploymentPostprocessing = 0;
			shellPath = /bin/sh;
			shellScript = "$SRCROOT/bltrversion $INFOPLIST_FILE";
		};
		E1EAB045068128A200774DFF = {
			fileEncoding = 30;
			isa = PBXFileReference;
			lastKnownFileType = sourcecode.c.objc;
			path = DictPlugin.m;
			refType = 4;
			sourceTree = "<group>";
		};
		E1EAB046068128A200774DFF = {
			fileRef = E1EAB045068128A200774DFF;
			isa = PBXBuildFile;
			settings = {
			};
		};
		E1EAB047068128A800774DFF = {
			fileEncoding = 30;
			isa = PBXFileReference;
			lastKnownFileType = sourcecode.c.h;
			path = DictPlugin.h;
			refType = 4;
			sourceTree = "<group>";
		};
	};
	rootObject = 0259C573FE90428111CA0C5A;
}
