// !$*UTF8*$!
{
	archiveVersion = 1;
	classes = {
	};
	objectVersion = 42;
	objects = {

/* Begin PBXBuildFile section */
		8D1AC9700486D14A00FE50C9 /* Cocoa.framework in Frameworks */ = {isa = PBXBuildFile; fileRef = DD92D38A0106425D02CA0E72 /* Cocoa.framework */; };
		E1022AE906B3469300299BEC /* QSCore.framework in Frameworks */ = {isa = PBXBuildFile; fileRef = E1022AE706B3469300299BEC /* QSCore.framework */; };
		E1022AEA06B3469300299BEC /* QSInterface.framework in Frameworks */ = {isa = PBXBuildFile; fileRef = E1022AE806B3469300299BEC /* QSInterface.framework */; };
		E1EAB046068128A200774DFF /* QSX10PlugIn.m in Sources */ = {isa = PBXBuildFile; fileRef = E1EAB045068128A200774DFF /* QSX10PlugIn.m */; };
/* End PBXBuildFile section */

/* Begin PBXFileReference section */
		14D9D31410D1033B00BEABA0 /* Common.xcconfig */ = {isa = PBXFileReference; fileEncoding = 4; lastKnownFileType = text.xcconfig; path = Common.xcconfig; sourceTree = "<group>"; };
		14D9D31510D1033B00BEABA0 /* Debug.xcconfig */ = {isa = PBXFileReference; fileEncoding = 4; lastKnownFileType = text.xcconfig; path = Debug.xcconfig; sourceTree = "<group>"; };
		14D9D31610D1033B00BEABA0 /* Developer.xcconfig */ = {isa = PBXFileReference; fileEncoding = 4; lastKnownFileType = text.xcconfig; path = Developer.xcconfig; sourceTree = "<group>"; };
		14D9D31710D1033B00BEABA0 /* QSPlugIn_Debug.xcconfig */ = {isa = PBXFileReference; fileEncoding = 4; lastKnownFileType = text.xcconfig; path = QSPlugIn_Debug.xcconfig; sourceTree = "<group>"; };
		14D9D31810D1033B00BEABA0 /* QSPlugIn_Prefix.pch */ = {isa = PBXFileReference; fileEncoding = 4; lastKnownFileType = sourcecode.c.h; path = QSPlugIn_Prefix.pch; sourceTree = "<group>"; };
		14D9D31910D1033B00BEABA0 /* QSPlugIn_Release.xcconfig */ = {isa = PBXFileReference; fileEncoding = 4; lastKnownFileType = text.xcconfig; path = QSPlugIn_Release.xcconfig; sourceTree = "<group>"; };
		14D9D31A10D1033B00BEABA0 /* QSPlugIn.xcconfig */ = {isa = PBXFileReference; fileEncoding = 4; lastKnownFileType = text.xcconfig; path = QSPlugIn.xcconfig; sourceTree = "<group>"; };
		14D9D31B10D1033B00BEABA0 /* Release.xcconfig */ = {isa = PBXFileReference; fileEncoding = 4; lastKnownFileType = text.xcconfig; path = Release.xcconfig; sourceTree = "<group>"; };
		32DBCF980370C29C00C91783 /* QSX10PlugIn_Prefix.pch */ = {isa = PBXFileReference; fileEncoding = 4; lastKnownFileType = sourcecode.c.h; path = QSX10PlugIn_Prefix.pch; sourceTree = "<group>"; };
		8D1AC9730486D14A00FE50C9 /* Info.plist */ = {isa = PBXFileReference; fileEncoding = 4; lastKnownFileType = text.plist; path = Info.plist; sourceTree = "<group>"; };
		8D1AC9740486D14A00FE50C9 /* X-10 Support.qsplugin */ = {isa = PBXFileReference; explicitFileType = wrapper.cfbundle; includeInIndex = 0; path = "X-10 Support.qsplugin"; sourceTree = BUILT_PRODUCTS_DIR; };
		DD92D38A0106425D02CA0E72 /* Cocoa.framework */ = {isa = PBXFileReference; lastKnownFileType = wrapper.framework; name = Cocoa.framework; path = /System/Library/Frameworks/Cocoa.framework; sourceTree = "<absolute>"; };
		E1022AE706B3469300299BEC /* QSCore.framework */ = {isa = PBXFileReference; lastKnownFileType = wrapper.framework; name = QSCore.framework; path = /Applications/Quicksilver.app/Contents/Frameworks/QSCore.framework; sourceTree = "<absolute>"; };
		E1022AE806B3469300299BEC /* QSInterface.framework */ = {isa = PBXFileReference; lastKnownFileType = wrapper.framework; name = QSInterface.framework; path = /Applications/Quicksilver.app/Contents/Frameworks/QSInterface.framework; sourceTree = "<absolute>"; };
		E1EAB045068128A200774DFF /* QSX10PlugIn.m */ = {isa = PBXFileReference; fileEncoding = 30; lastKnownFileType = sourcecode.c.objc; path = QSX10PlugIn.m; sourceTree = "<group>"; };
		E1EAB047068128A800774DFF /* QSX10PlugIn.h */ = {isa = PBXFileReference; fileEncoding = 30; lastKnownFileType = sourcecode.c.h; path = QSX10PlugIn.h; sourceTree = "<group>"; };
/* End PBXFileReference section */

/* Begin PBXFrameworksBuildPhase section */
		8D1AC96E0486D14A00FE50C9 /* Frameworks */ = {
			isa = PBXFrameworksBuildPhase;
			buildActionMask = 2147483647;
			files = (
				8D1AC9700486D14A00FE50C9 /* Cocoa.framework in Frameworks */,
				E1022AE906B3469300299BEC /* QSCore.framework in Frameworks */,
				E1022AEA06B3469300299BEC /* QSInterface.framework in Frameworks */,
			);
			runOnlyForDeploymentPostprocessing = 0;
		};
/* End PBXFrameworksBuildPhase section */

/* Begin PBXGroup section */
		0259C574FE90428111CA0C5A /* QSX10PlugIn */ = {
			isa = PBXGroup;
			children = (
				14D9D31110D1032600BEABA0 /* Configuration */,
				32DBCF9E0370C38000C91783 /* Classes */,
				32DBCF9F0370C38200C91783 /* Other Sources */,
				0259C582FE90428111CA0C5A /* Resources */,
				1ED78706FE9D4A0611CA0C5A /* Products */,
				2E58F364FFB232C311CA0CBA /* Frameworks */,
			);
			name = QSX10PlugIn;
			sourceTree = "<group>";
		};
		0259C582FE90428111CA0C5A /* Resources */ = {
			isa = PBXGroup;
			children = (
				8D1AC9730486D14A00FE50C9 /* Info.plist */,
			);
			name = Resources;
			sourceTree = "<group>";
		};
		14D9D31110D1032600BEABA0 /* Configuration */ = {
			isa = PBXGroup;
			children = (
				14D9D31410D1033B00BEABA0 /* Common.xcconfig */,
				14D9D31510D1033B00BEABA0 /* Debug.xcconfig */,
				14D9D31610D1033B00BEABA0 /* Developer.xcconfig */,
				14D9D31710D1033B00BEABA0 /* QSPlugIn_Debug.xcconfig */,
				14D9D31810D1033B00BEABA0 /* QSPlugIn_Prefix.pch */,
				14D9D31910D1033B00BEABA0 /* QSPlugIn_Release.xcconfig */,
				14D9D31A10D1033B00BEABA0 /* QSPlugIn.xcconfig */,
				14D9D31B10D1033B00BEABA0 /* Release.xcconfig */,
			);
			path = Configuration;
			sourceTree = QS_SOURCE_ROOT;
		};
		1ED78706FE9D4A0611CA0C5A /* Products */ = {
			isa = PBXGroup;
			children = (
				8D1AC9740486D14A00FE50C9 /* X-10 Support.qsplugin */,
			);
			name = Products;
			sourceTree = "<group>";
		};
		2E58F364FFB232C311CA0CBA /* Frameworks */ = {
			isa = PBXGroup;
			children = (
				E1022AE706B3469300299BEC /* QSCore.framework */,
				E1022AE806B3469300299BEC /* QSInterface.framework */,
				DD92D38A0106425D02CA0E72 /* Cocoa.framework */,
			);
			name = Frameworks;
			sourceTree = "<group>";
		};
		32DBCF9E0370C38000C91783 /* Classes */ = {
			isa = PBXGroup;
			children = (
				E1EAB045068128A200774DFF /* QSX10PlugIn.m */,
			);
			name = Classes;
			sourceTree = "<group>";
		};
		32DBCF9F0370C38200C91783 /* Other Sources */ = {
			isa = PBXGroup;
			children = (
				32DBCF980370C29C00C91783 /* QSX10PlugIn_Prefix.pch */,
				E1EAB047068128A800774DFF /* QSX10PlugIn.h */,
			);
			name = "Other Sources";
			sourceTree = "<group>";
		};
/* End PBXGroup section */

/* Begin PBXNativeTarget section */
		8D1AC9600486D14A00FE50C9 /* X-10 Support */ = {
			isa = PBXNativeTarget;
			buildConfigurationList = 7FFF25FF085E488800266176 /* Build configuration list for PBXNativeTarget "X-10 Support" */;
			buildPhases = (
				8D1AC9660486D14A00FE50C9 /* Resources */,
				8D1AC96A0486D14A00FE50C9 /* Sources */,
				8D1AC96E0486D14A00FE50C9 /* Frameworks */,
				E1022B2806B3475D00299BEC /* ShellScript */,
			);
			buildRules = (
			);
			dependencies = (
			);
			name = "X-10 Support";
			productInstallPath = "$(HOME)/Developer/Palettes";
			productName = QSX10PlugIn;
			productReference = 8D1AC9740486D14A00FE50C9 /* X-10 Support.qsplugin */;
			productType = "com.apple.product-type.bundle";
		};
/* End PBXNativeTarget section */

/* Begin PBXProject section */
		0259C573FE90428111CA0C5A /* Project object */ = {
			isa = PBXProject;
			buildConfigurationList = 7FFF2603085E488800266176 /* Build configuration list for PBXProject "QSX10PlugIn" */;
			compatibilityVersion = "Xcode 2.4";
			hasScannedForEncodings = 1;
			mainGroup = 0259C574FE90428111CA0C5A /* QSX10PlugIn */;
			projectDirPath = "";
			projectRoot = "";
			targets = (
				8D1AC9600486D14A00FE50C9 /* X-10 Support */,
			);
		};
/* End PBXProject section */

/* Begin PBXResourcesBuildPhase section */
		8D1AC9660486D14A00FE50C9 /* Resources */ = {
			isa = PBXResourcesBuildPhase;
			buildActionMask = 2147483647;
			files = (
			);
			runOnlyForDeploymentPostprocessing = 0;
		};
/* End PBXResourcesBuildPhase section */

/* Begin PBXShellScriptBuildPhase section */
		E1022B2806B3475D00299BEC /* ShellScript */ = {
			isa = PBXShellScriptBuildPhase;
			buildActionMask = 8;
			files = (
			);
			inputPaths = (
			);
			outputPaths = (
			);
			runOnlyForDeploymentPostprocessing = 1;
			shellPath = /bin/sh;
			shellScript = "$SRCROOT/bltrversion $INFOPLIST_FILE";
		};
/* End PBXShellScriptBuildPhase section */

/* Begin PBXSourcesBuildPhase section */
		8D1AC96A0486D14A00FE50C9 /* Sources */ = {
			isa = PBXSourcesBuildPhase;
			buildActionMask = 2147483647;
			files = (
				E1EAB046068128A200774DFF /* QSX10PlugIn.m in Sources */,
			);
			runOnlyForDeploymentPostprocessing = 0;
		};
/* End PBXSourcesBuildPhase section */

/* Begin XCBuildConfiguration section */
		7FFF2600085E488800266176 /* Debug */ = {
			isa = XCBuildConfiguration;
			baseConfigurationReference = 14D9D31710D1033B00BEABA0 /* QSPlugIn_Debug.xcconfig */;
			buildSettings = {
				OTHER_LDFLAGS = "-bundle";
				PRODUCT_NAME = "X-10 Support";
				ZERO_LINK = YES;
			};
			name = Debug;
		};
		7FFF2601085E488800266176 /* Release */ = {
			isa = XCBuildConfiguration;
			baseConfigurationReference = 14D9D31910D1033B00BEABA0 /* QSPlugIn_Release.xcconfig */;
			buildSettings = {
				OTHER_LDFLAGS = "-bundle";
				PRODUCT_NAME = "X-10 Support";
				ZERO_LINK = NO;
			};
			name = Release;
		};
		7FFF2604085E488800266176 /* Debug */ = {
			isa = XCBuildConfiguration;
			baseConfigurationReference = 14D9D31510D1033B00BEABA0 /* Debug.xcconfig */;
			buildSettings = {
			};
			name = Debug;
		};
		7FFF2605085E488800266176 /* Release */ = {
			isa = XCBuildConfiguration;
			baseConfigurationReference = 14D9D31B10D1033B00BEABA0 /* Release.xcconfig */;
			buildSettings = {
			};
			name = Release;
		};
/* End XCBuildConfiguration section */

/* Begin XCConfigurationList section */
		7FFF25FF085E488800266176 /* Build configuration list for PBXNativeTarget "X-10 Support" */ = {
			isa = XCConfigurationList;
			buildConfigurations = (
				7FFF2600085E488800266176 /* Debug */,
				7FFF2601085E488800266176 /* Release */,
			);
			defaultConfigurationIsVisible = 0;
			defaultConfigurationName = Debug;
		};
		7FFF2603085E488800266176 /* Build configuration list for PBXProject "QSX10PlugIn" */ = {
			isa = XCConfigurationList;
			buildConfigurations = (
				7FFF2604085E488800266176 /* Debug */,
				7FFF2605085E488800266176 /* Release */,
			);
			defaultConfigurationIsVisible = 0;
			defaultConfigurationName = Debug;
		};
/* End XCConfigurationList section */
	};
	rootObject = 0259C573FE90428111CA0C5A /* Project object */;
}
