// !$*UTF8*$!
{
	archiveVersion = 1;
	classes = {
	};
	objectVersion = 42;
	objects = {

/* Begin PBXBuildFile section */
		7F20F20307E9FF02007A01B3 /* QSCore.framework in Frameworks */ = {isa = PBXBuildFile; fileRef = 7F20F1FF07E9FF02007A01B3 /* QSCore.framework */; };
		7F20F20407E9FF02007A01B3 /* QSEffects.framework in Frameworks */ = {isa = PBXBuildFile; fileRef = 7F20F20007E9FF02007A01B3 /* QSEffects.framework */; };
		7F20F20507E9FF02007A01B3 /* QSFoundation.framework in Frameworks */ = {isa = PBXBuildFile; fileRef = 7F20F20107E9FF02007A01B3 /* QSFoundation.framework */; };
		7F20F20607E9FF02007A01B3 /* QSInterface.framework in Frameworks */ = {isa = PBXBuildFile; fileRef = 7F20F20207E9FF02007A01B3 /* QSInterface.framework */; };
		8D1AC9700486D14A00FE50C9 /* Cocoa.framework in Frameworks */ = {isa = PBXBuildFile; fileRef = DD92D38A0106425D02CA0E72 /* Cocoa.framework */; };
		E1EAB046068128A200774DFF /* QSSoundSupport.m in Sources */ = {isa = PBXBuildFile; fileRef = E1EAB045068128A200774DFF /* QSSoundSupport.m */; };
/* End PBXBuildFile section */

/* Begin PBXFileReference section */
		1483E51810D0F079009F139A /* Common.xcconfig */ = {isa = PBXFileReference; fileEncoding = 4; lastKnownFileType = text.xcconfig; path = Common.xcconfig; sourceTree = "<group>"; };
		1483E51910D0F079009F139A /* Debug.xcconfig */ = {isa = PBXFileReference; fileEncoding = 4; lastKnownFileType = text.xcconfig; path = Debug.xcconfig; sourceTree = "<group>"; };
		1483E51A10D0F079009F139A /* Developer.xcconfig */ = {isa = PBXFileReference; fileEncoding = 4; lastKnownFileType = text.xcconfig; path = Developer.xcconfig; sourceTree = "<group>"; };
		1483E51B10D0F079009F139A /* QSPlugIn_Debug.xcconfig */ = {isa = PBXFileReference; fileEncoding = 4; lastKnownFileType = text.xcconfig; path = QSPlugIn_Debug.xcconfig; sourceTree = "<group>"; };
		1483E51C10D0F079009F139A /* QSPlugIn_Prefix.pch */ = {isa = PBXFileReference; fileEncoding = 4; lastKnownFileType = sourcecode.c.h; path = QSPlugIn_Prefix.pch; sourceTree = "<group>"; };
		1483E51D10D0F079009F139A /* QSPlugIn_Release.xcconfig */ = {isa = PBXFileReference; fileEncoding = 4; lastKnownFileType = text.xcconfig; path = QSPlugIn_Release.xcconfig; sourceTree = "<group>"; };
		1483E51E10D0F079009F139A /* QSPlugIn.xcconfig */ = {isa = PBXFileReference; fileEncoding = 4; lastKnownFileType = text.xcconfig; path = QSPlugIn.xcconfig; sourceTree = "<group>"; };
		1483E51F10D0F079009F139A /* Release.xcconfig */ = {isa = PBXFileReference; fileEncoding = 4; lastKnownFileType = text.xcconfig; path = Release.xcconfig; sourceTree = "<group>"; };
		32DBCF980370C29C00C91783 /* QSSoundSupport_Prefix.pch */ = {isa = PBXFileReference; fileEncoding = 4; lastKnownFileType = sourcecode.c.h; path = QSSoundSupport_Prefix.pch; sourceTree = "<group>"; };
		7F20F1FF07E9FF02007A01B3 /* QSCore.framework */ = {isa = PBXFileReference; lastKnownFileType = wrapper.framework; path = QSCore.framework; sourceTree = BUILT_PRODUCTS_DIR; };
		7F20F20007E9FF02007A01B3 /* QSEffects.framework */ = {isa = PBXFileReference; lastKnownFileType = wrapper.framework; path = QSEffects.framework; sourceTree = BUILT_PRODUCTS_DIR; };
		7F20F20107E9FF02007A01B3 /* QSFoundation.framework */ = {isa = PBXFileReference; lastKnownFileType = wrapper.framework; path = QSFoundation.framework; sourceTree = BUILT_PRODUCTS_DIR; };
		7F20F20207E9FF02007A01B3 /* QSInterface.framework */ = {isa = PBXFileReference; lastKnownFileType = wrapper.framework; path = QSInterface.framework; sourceTree = BUILT_PRODUCTS_DIR; };
		8D1AC9730486D14A00FE50C9 /* Info.plist */ = {isa = PBXFileReference; fileEncoding = 4; lastKnownFileType = text.plist; path = Info.plist; sourceTree = "<group>"; };
		8D1AC9740486D14A00FE50C9 /* QSSoundSupport.qsplugin */ = {isa = PBXFileReference; explicitFileType = wrapper.cfbundle; includeInIndex = 0; path = QSSoundSupport.qsplugin; sourceTree = BUILT_PRODUCTS_DIR; };
		DD92D38A0106425D02CA0E72 /* Cocoa.framework */ = {isa = PBXFileReference; lastKnownFileType = wrapper.framework; name = Cocoa.framework; path = /System/Library/Frameworks/Cocoa.framework; sourceTree = "<absolute>"; };
		E1EAB045068128A200774DFF /* QSSoundSupport.m */ = {isa = PBXFileReference; fileEncoding = 30; lastKnownFileType = sourcecode.c.objc; path = QSSoundSupport.m; sourceTree = "<group>"; };
		E1EAB047068128A800774DFF /* QSSoundSupport.h */ = {isa = PBXFileReference; fileEncoding = 30; lastKnownFileType = sourcecode.c.h; path = QSSoundSupport.h; sourceTree = "<group>"; };
/* End PBXFileReference section */

/* Begin PBXFrameworksBuildPhase section */
		8D1AC96E0486D14A00FE50C9 /* Frameworks */ = {
			isa = PBXFrameworksBuildPhase;
			buildActionMask = 2147483647;
			files = (
				8D1AC9700486D14A00FE50C9 /* Cocoa.framework in Frameworks */,
				7F20F20307E9FF02007A01B3 /* QSCore.framework in Frameworks */,
				7F20F20407E9FF02007A01B3 /* QSEffects.framework in Frameworks */,
				7F20F20507E9FF02007A01B3 /* QSFoundation.framework in Frameworks */,
				7F20F20607E9FF02007A01B3 /* QSInterface.framework in Frameworks */,
			);
			runOnlyForDeploymentPostprocessing = 0;
		};
/* End PBXFrameworksBuildPhase section */

/* Begin PBXGroup section */
		0259C574FE90428111CA0C5A /* QSSoundSupport */ = {
			isa = PBXGroup;
			children = (
				1483E4AF10D0F05E009F139A /* Configuration */,
				32DBCF9E0370C38000C91783 /* Classes */,
				32DBCF9F0370C38200C91783 /* Other Sources */,
				0259C582FE90428111CA0C5A /* Resources */,
				1ED78706FE9D4A0611CA0C5A /* Products */,
				2E58F364FFB232C311CA0CBA /* Frameworks */,
			);
			name = QSSoundSupport;
			sourceTree = "<group>";
		};
		0259C582FE90428111CA0C5A /* Resources */ = {
			isa = PBXGroup;
			children = (
				8D1AC9730486D14A00FE50C9 /* Info.plist */,
			);
			name = Resources;
			sourceTree = "<group>";
		};
		1483E4AF10D0F05E009F139A /* Configuration */ = {
			isa = PBXGroup;
			children = (
				1483E51810D0F079009F139A /* Common.xcconfig */,
				1483E51910D0F079009F139A /* Debug.xcconfig */,
				1483E51A10D0F079009F139A /* Developer.xcconfig */,
				1483E51B10D0F079009F139A /* QSPlugIn_Debug.xcconfig */,
				1483E51C10D0F079009F139A /* QSPlugIn_Prefix.pch */,
				1483E51D10D0F079009F139A /* QSPlugIn_Release.xcconfig */,
				1483E51E10D0F079009F139A /* QSPlugIn.xcconfig */,
				1483E51F10D0F079009F139A /* Release.xcconfig */,
			);
			path = Configuration;
			sourceTree = QS_SOURCE_ROOT;
		};
		1ED78706FE9D4A0611CA0C5A /* Products */ = {
			isa = PBXGroup;
			children = (
				8D1AC9740486D14A00FE50C9 /* QSSoundSupport.qsplugin */,
			);
			name = Products;
			sourceTree = "<group>";
		};
		2E58F364FFB232C311CA0CBA /* Frameworks */ = {
			isa = PBXGroup;
			children = (
				7F20F1FF07E9FF02007A01B3 /* QSCore.framework */,
				7F20F20007E9FF02007A01B3 /* QSEffects.framework */,
				7F20F20107E9FF02007A01B3 /* QSFoundation.framework */,
				7F20F20207E9FF02007A01B3 /* QSInterface.framework */,
				DD92D38A0106425D02CA0E72 /* Cocoa.framework */,
			);
			name = Frameworks;
			sourceTree = "<group>";
		};
		32DBCF9E0370C38000C91783 /* Classes */ = {
			isa = PBXGroup;
			children = (
				E1EAB047068128A800774DFF /* QSSoundSupport.h */,
				E1EAB045068128A200774DFF /* QSSoundSupport.m */,
			);
			name = Classes;
			sourceTree = "<group>";
		};
		32DBCF9F0370C38200C91783 /* Other Sources */ = {
			isa = PBXGroup;
			children = (
				32DBCF980370C29C00C91783 /* QSSoundSupport_Prefix.pch */,
			);
			name = "Other Sources";
			sourceTree = "<group>";
		};
/* End PBXGroup section */

/* Begin PBXNativeTarget section */
		8D1AC9600486D14A00FE50C9 /* QSSoundSupport */ = {
			isa = PBXNativeTarget;
			buildConfigurationList = 7FFF254B085E488600266176 /* Build configuration list for PBXNativeTarget "QSSoundSupport" */;
			buildPhases = (
				8D1AC9660486D14A00FE50C9 /* Resources */,
				8D1AC96A0486D14A00FE50C9 /* Sources */,
				8D1AC96E0486D14A00FE50C9 /* Frameworks */,
				E1022B2806B3475D00299BEC /* ShellScript */,
			);
			buildRules = (
			);
			dependencies = (
			);
			name = QSSoundSupport;
			productInstallPath = "$(HOME)/Developer/Palettes";
			productName = QSSoundSupport;
			productReference = 8D1AC9740486D14A00FE50C9 /* QSSoundSupport.qsplugin */;
			productType = "com.apple.product-type.bundle";
		};
/* End PBXNativeTarget section */

/* Begin PBXProject section */
		0259C573FE90428111CA0C5A /* Project object */ = {
			isa = PBXProject;
			buildConfigurationList = 7FFF254F085E488600266176 /* Build configuration list for PBXProject "QSSoundSupport" */;
			compatibilityVersion = "Xcode 2.4";
			hasScannedForEncodings = 1;
			mainGroup = 0259C574FE90428111CA0C5A /* QSSoundSupport */;
			projectDirPath = "";
			projectRoot = "";
			targets = (
				8D1AC9600486D14A00FE50C9 /* QSSoundSupport */,
			);
		};
/* End PBXProject section */

/* Begin PBXResourcesBuildPhase section */
		8D1AC9660486D14A00FE50C9 /* Resources */ = {
			isa = PBXResourcesBuildPhase;
			buildActionMask = 2147483647;
			files = (
			);
			runOnlyForDeploymentPostprocessing = 0;
		};
/* End PBXResourcesBuildPhase section */

/* Begin PBXShellScriptBuildPhase section */
		E1022B2806B3475D00299BEC /* ShellScript */ = {
			isa = PBXShellScriptBuildPhase;
			buildActionMask = 8;
			files = (
			);
			inputPaths = (
			);
			outputPaths = (
			);
			runOnlyForDeploymentPostprocessing = 1;
			shellPath = /bin/sh;
			shellScript = "$SRCROOT/bltrversion $INFOPLIST_FILE";
		};
/* End PBXShellScriptBuildPhase section */

/* Begin PBXSourcesBuildPhase section */
		8D1AC96A0486D14A00FE50C9 /* Sources */ = {
			isa = PBXSourcesBuildPhase;
			buildActionMask = 2147483647;
			files = (
				E1EAB046068128A200774DFF /* QSSoundSupport.m in Sources */,
			);
			runOnlyForDeploymentPostprocessing = 0;
		};
/* End PBXSourcesBuildPhase section */

/* Begin XCBuildConfiguration section */
		7FFF254C085E488600266176 /* Debug */ = {
			isa = XCBuildConfiguration;
			baseConfigurationReference = 1483E51B10D0F079009F139A /* QSPlugIn_Debug.xcconfig */;
			buildSettings = {
				OTHER_LDFLAGS = "-bundle";
				PRODUCT_NAME = QSSoundSupport;
				ZERO_LINK = YES;
			};
			name = Debug;
		};
		7FFF254D085E488600266176 /* Release */ = {
			isa = XCBuildConfiguration;
			baseConfigurationReference = 1483E51D10D0F079009F139A /* QSPlugIn_Release.xcconfig */;
			buildSettings = {
				OTHER_LDFLAGS = "-bundle";
				PRODUCT_NAME = QSSoundSupport;
				ZERO_LINK = NO;
			};
			name = Release;
		};
		7FFF2550085E488600266176 /* Debug */ = {
			isa = XCBuildConfiguration;
			baseConfigurationReference = 1483E51910D0F079009F139A /* Debug.xcconfig */;
			buildSettings = {
			};
			name = Debug;
		};
		7FFF2551085E488600266176 /* Release */ = {
			isa = XCBuildConfiguration;
			baseConfigurationReference = 1483E51F10D0F079009F139A /* Release.xcconfig */;
			buildSettings = {
			};
			name = Release;
		};
/* End XCBuildConfiguration section */

/* Begin XCConfigurationList section */
		7FFF254B085E488600266176 /* Build configuration list for PBXNativeTarget "QSSoundSupport" */ = {
			isa = XCConfigurationList;
			buildConfigurations = (
				7FFF254C085E488600266176 /* Debug */,
				7FFF254D085E488600266176 /* Release */,
			);
			defaultConfigurationIsVisible = 0;
			defaultConfigurationName = Debug;
		};
		7FFF254F085E488600266176 /* Build configuration list for PBXProject "QSSoundSupport" */ = {
			isa = XCConfigurationList;
			buildConfigurations = (
				7FFF2550085E488600266176 /* Debug */,
				7FFF2551085E488600266176 /* Release */,
			);
			defaultConfigurationIsVisible = 0;
			defaultConfigurationName = Debug;
		};
/* End XCConfigurationList section */
	};
	rootObject = 0259C573FE90428111CA0C5A /* Project object */;
}
